{
  "version": 4,
  "terraform_version": "1.11.4",
  "serial": 486,
  "lineage": "1bf15375-318c-9215-98a9-fef409071fa7",
  "outputs": {
    "internal_alb_dns": {
      "value": "internal-tf-lb-20250520183301632100000002-784518084.us-east-1.elb.amazonaws.com",
      "type": "string"
    },
    "private_subnets": {
      "value": [
        "subnet-067bb1849959687c5",
        "subnet-09e33325466047298"
      ],
      "type": [
        "tuple",
        [
          "string",
          "string"
        ]
      ]
    },
    "public_subnets": {
      "value": [
        "subnet-097f6d5d89faaf3ca",
        "subnet-08a9da7078f03bc2e"
      ],
      "type": [
        "tuple",
        [
          "string",
          "string"
        ]
      ]
    },
    "vpc_id": {
      "value": "vpc-02c37b2f2da38ac70",
      "type": "string"
    }
  },
  "resources": [
    {
      "mode": "managed",
      "type": "aws_eip",
      "name": "NatEIP",
      "provider": "provider[\"registry.terraform.io/hashicorp/aws\"]",
      "instances": [
        {
          "schema_version": 0,
          "attributes": {
            "address": null,
            "allocation_id": "eipalloc-0e401b026ec311315",
            "arn": "arn:aws:ec2:us-east-1:991424600343:elastic-ip/eipalloc-0e401b026ec311315",
            "associate_with_private_ip": null,
            "association_id": "",
            "carrier_ip": "",
            "customer_owned_ip": "",
            "customer_owned_ipv4_pool": "",
            "domain": "vpc",
            "id": "eipalloc-0e401b026ec311315",
            "instance": "",
            "ipam_pool_id": null,
            "network_border_group": "us-east-1",
            "network_interface": "",
            "private_dns": null,
            "private_ip": "",
            "ptr_record": "",
            "public_dns": "ec2-52-71-134-137.compute-1.amazonaws.com",
            "public_ip": "52.71.134.137",
            "public_ipv4_pool": "amazon",
            "tags": {
              "Name": "NatEIP"
            },
            "tags_all": {
              "Name": "NatEIP"
            },
            "timeouts": null,
            "vpc": true
          },
          "sensitive_attributes": [],
          "private": "eyJlMmJmYjczMC1lY2FhLTExZTYtOGY4OC0zNDM2M2JjN2M0YzAiOnsiZGVsZXRlIjoxODAwMDAwMDAwMDAsInJlYWQiOjkwMDAwMDAwMDAwMCwidXBkYXRlIjozMDAwMDAwMDAwMDB9fQ=="
        }
      ]
    },
    {
      "mode": "managed",
      "type": "aws_instance",
      "name": "backend_1",
      "provider": "provider[\"registry.terraform.io/hashicorp/aws\"]",
      "instances": [
        {
          "schema_version": 1,
          "attributes": {
            "ami": "ami-084568db4383264d4",
            "arn": "arn:aws:ec2:us-east-1:991424600343:instance/i-0768a2f4a93648422",
            "associate_public_ip_address": false,
            "availability_zone": "us-east-1a",
            "capacity_reservation_specification": [
              {
                "capacity_reservation_preference": "open",
                "capacity_reservation_target": []
              }
            ],
            "cpu_core_count": 1,
            "cpu_options": [
              {
                "amd_sev_snp": "",
                "core_count": 1,
                "threads_per_core": 1
              }
            ],
            "cpu_threads_per_core": 1,
            "credit_specification": [
              {
                "cpu_credits": "standard"
              }
            ],
            "disable_api_stop": false,
            "disable_api_termination": false,
            "ebs_block_device": [],
            "ebs_optimized": false,
            "enable_primary_ipv6": null,
            "enclave_options": [
              {
                "enabled": false
              }
            ],
            "ephemeral_block_device": [],
            "get_password_data": false,
            "hibernation": false,
            "host_id": "",
            "host_resource_group_arn": null,
            "iam_instance_profile": "",
            "id": "i-0768a2f4a93648422",
            "instance_initiated_shutdown_behavior": "stop",
            "instance_lifecycle": "",
            "instance_market_options": [],
            "instance_state": "running",
            "instance_type": "t2.micro",
            "ipv6_address_count": 0,
            "ipv6_addresses": [],
            "key_name": "terraform-key",
            "launch_template": [],
            "maintenance_options": [
              {
                "auto_recovery": "default"
              }
            ],
            "metadata_options": [
              {
                "http_endpoint": "enabled",
                "http_protocol_ipv6": "disabled",
                "http_put_response_hop_limit": 2,
                "http_tokens": "required",
                "instance_metadata_tags": "disabled"
              }
            ],
            "monitoring": false,
            "network_interface": [],
            "outpost_arn": "",
            "password_data": "",
            "placement_group": "",
            "placement_partition_number": 0,
            "primary_network_interface_id": "eni-0b90087abbdaab3bf",
            "private_dns": "ip-10-0-1-245.ec2.internal",
            "private_dns_name_options": [
              {
                "enable_resource_name_dns_a_record": false,
                "enable_resource_name_dns_aaaa_record": false,
                "hostname_type": "ip-name"
              }
            ],
            "private_ip": "10.0.1.245",
            "public_dns": "",
            "public_ip": "",
            "root_block_device": [
              {
                "delete_on_termination": true,
                "device_name": "/dev/sda1",
                "encrypted": false,
                "iops": 3000,
                "kms_key_id": "",
                "tags": {},
                "tags_all": {},
                "throughput": 125,
                "volume_id": "vol-0e09e10c1ccc084fb",
                "volume_size": 8,
                "volume_type": "gp3"
              }
            ],
            "secondary_private_ips": [],
            "security_groups": [],
            "source_dest_check": true,
            "spot_instance_request_id": "",
            "subnet_id": "subnet-067bb1849959687c5",
            "tags": {
              "Name": "backend-1"
            },
            "tags_all": {
              "Name": "backend-1"
            },
            "tenancy": "default",
            "timeouts": null,
            "user_data": "fac264b8d2733facd7f00da992f95620f399b95b",
            "user_data_base64": null,
            "user_data_replace_on_change": false,
            "volume_tags": null,
            "vpc_security_group_ids": [
              "sg-0ae38105cebb338d8"
            ]
          },
          "sensitive_attributes": [],
          "private": "eyJlMmJmYjczMC1lY2FhLTExZTYtOGY4OC0zNDM2M2JjN2M0YzAiOnsiY3JlYXRlIjo2MDAwMDAwMDAwMDAsImRlbGV0ZSI6MTIwMDAwMDAwMDAwMCwicmVhZCI6OTAwMDAwMDAwMDAwLCJ1cGRhdGUiOjYwMDAwMDAwMDAwMH0sInNjaGVtYV92ZXJzaW9uIjoiMSJ9",
          "dependencies": [
            "aws_eip.NatEIP",
            "aws_internet_gateway.igw",
            "aws_key_pair.generated_key",
            "aws_nat_gateway.NatGW",
            "aws_security_group.sg_backend",
            "aws_security_group.sg_internal_alb",
            "aws_security_group.sg_proxy",
            "aws_subnet.private_az1",
            "aws_subnet.public_az1",
            "aws_vpc.main_vpc",
            "tls_private_key.example"
          ]
        }
      ]
    },
    {
      "mode": "managed",
      "type": "aws_instance",
      "name": "backend_2",
      "provider": "provider[\"registry.terraform.io/hashicorp/aws\"]",
      "instances": [
        {
          "schema_version": 1,
          "attributes": {
            "ami": "ami-084568db4383264d4",
            "arn": "arn:aws:ec2:us-east-1:991424600343:instance/i-0c41ab19d088d57c3",
            "associate_public_ip_address": false,
            "availability_zone": "us-east-1b",
            "capacity_reservation_specification": [
              {
                "capacity_reservation_preference": "open",
                "capacity_reservation_target": []
              }
            ],
            "cpu_core_count": 1,
            "cpu_options": [
              {
                "amd_sev_snp": "",
                "core_count": 1,
                "threads_per_core": 1
              }
            ],
            "cpu_threads_per_core": 1,
            "credit_specification": [
              {
                "cpu_credits": "standard"
              }
            ],
            "disable_api_stop": false,
            "disable_api_termination": false,
            "ebs_block_device": [],
            "ebs_optimized": false,
            "enable_primary_ipv6": null,
            "enclave_options": [
              {
                "enabled": false
              }
            ],
            "ephemeral_block_device": [],
            "get_password_data": false,
            "hibernation": false,
            "host_id": "",
            "host_resource_group_arn": null,
            "iam_instance_profile": "",
            "id": "i-0c41ab19d088d57c3",
            "instance_initiated_shutdown_behavior": "stop",
            "instance_lifecycle": "",
            "instance_market_options": [],
            "instance_state": "running",
            "instance_type": "t2.micro",
            "ipv6_address_count": 0,
            "ipv6_addresses": [],
            "key_name": "terraform-key",
            "launch_template": [],
            "maintenance_options": [
              {
                "auto_recovery": "default"
              }
            ],
            "metadata_options": [
              {
                "http_endpoint": "enabled",
                "http_protocol_ipv6": "disabled",
                "http_put_response_hop_limit": 2,
                "http_tokens": "required",
                "instance_metadata_tags": "disabled"
              }
            ],
            "monitoring": false,
            "network_interface": [],
            "outpost_arn": "",
            "password_data": "",
            "placement_group": "",
            "placement_partition_number": 0,
            "primary_network_interface_id": "eni-0f8007e40efeb2c7c",
            "private_dns": "ip-10-0-3-247.ec2.internal",
            "private_dns_name_options": [
              {
                "enable_resource_name_dns_a_record": false,
                "enable_resource_name_dns_aaaa_record": false,
                "hostname_type": "ip-name"
              }
            ],
            "private_ip": "10.0.3.247",
            "public_dns": "",
            "public_ip": "",
            "root_block_device": [
              {
                "delete_on_termination": true,
                "device_name": "/dev/sda1",
                "encrypted": false,
                "iops": 3000,
                "kms_key_id": "",
                "tags": {},
                "tags_all": {},
                "throughput": 125,
                "volume_id": "vol-019f154475cbb47a6",
                "volume_size": 8,
                "volume_type": "gp3"
              }
            ],
            "secondary_private_ips": [],
            "security_groups": [],
            "source_dest_check": true,
            "spot_instance_request_id": "",
            "subnet_id": "subnet-09e33325466047298",
            "tags": {
              "Name": "backend-2"
            },
            "tags_all": {
              "Name": "backend-2"
            },
            "tenancy": "default",
            "timeouts": null,
            "user_data": "1f738bd2e7dd3ab6c9997d7c95c5b607922c45ec",
            "user_data_base64": null,
            "user_data_replace_on_change": false,
            "volume_tags": null,
            "vpc_security_group_ids": [
              "sg-0ae38105cebb338d8"
            ]
          },
          "sensitive_attributes": [],
          "private": "eyJlMmJmYjczMC1lY2FhLTExZTYtOGY4OC0zNDM2M2JjN2M0YzAiOnsiY3JlYXRlIjo2MDAwMDAwMDAwMDAsImRlbGV0ZSI6MTIwMDAwMDAwMDAwMCwicmVhZCI6OTAwMDAwMDAwMDAwLCJ1cGRhdGUiOjYwMDAwMDAwMDAwMH0sInNjaGVtYV92ZXJzaW9uIjoiMSJ9",
          "dependencies": [
            "aws_eip.NatEIP",
            "aws_internet_gateway.igw",
            "aws_key_pair.generated_key",
            "aws_nat_gateway.NatGW",
            "aws_security_group.sg_backend",
            "aws_security_group.sg_internal_alb",
            "aws_security_group.sg_proxy",
            "aws_subnet.private_az2",
            "aws_subnet.public_az1",
            "aws_vpc.main_vpc",
            "tls_private_key.example"
          ]
        }
      ]
    },
    {
      "mode": "managed",
      "type": "aws_instance",
      "name": "proxy_1",
      "provider": "provider[\"registry.terraform.io/hashicorp/aws\"]",
      "instances": [
        {
          "schema_version": 1,
          "attributes": {
            "ami": "ami-084568db4383264d4",
            "arn": "arn:aws:ec2:us-east-1:991424600343:instance/i-0c46d3b422a7d2af6",
            "associate_public_ip_address": true,
            "availability_zone": "us-east-1a",
            "capacity_reservation_specification": [
              {
                "capacity_reservation_preference": "open",
                "capacity_reservation_target": []
              }
            ],
            "cpu_core_count": 1,
            "cpu_options": [
              {
                "amd_sev_snp": "",
                "core_count": 1,
                "threads_per_core": 1
              }
            ],
            "cpu_threads_per_core": 1,
            "credit_specification": [
              {
                "cpu_credits": "standard"
              }
            ],
            "disable_api_stop": false,
            "disable_api_termination": false,
            "ebs_block_device": [],
            "ebs_optimized": false,
            "enable_primary_ipv6": null,
            "enclave_options": [
              {
                "enabled": false
              }
            ],
            "ephemeral_block_device": [],
            "get_password_data": false,
            "hibernation": false,
            "host_id": "",
            "host_resource_group_arn": null,
            "iam_instance_profile": "",
            "id": "i-0c46d3b422a7d2af6",
            "instance_initiated_shutdown_behavior": "stop",
            "instance_lifecycle": "",
            "instance_market_options": [],
            "instance_state": "running",
            "instance_type": "t2.micro",
            "ipv6_address_count": 0,
            "ipv6_addresses": [],
            "key_name": "terraform-key",
            "launch_template": [],
            "maintenance_options": [
              {
                "auto_recovery": "default"
              }
            ],
            "metadata_options": [
              {
                "http_endpoint": "enabled",
                "http_protocol_ipv6": "disabled",
                "http_put_response_hop_limit": 2,
                "http_tokens": "required",
                "instance_metadata_tags": "disabled"
              }
            ],
            "monitoring": false,
            "network_interface": [],
            "outpost_arn": "",
            "password_data": "",
            "placement_group": "",
            "placement_partition_number": 0,
            "primary_network_interface_id": "eni-086ba98d22bc2598a",
            "private_dns": "ip-10-0-0-167.ec2.internal",
            "private_dns_name_options": [
              {
                "enable_resource_name_dns_a_record": false,
                "enable_resource_name_dns_aaaa_record": false,
                "hostname_type": "ip-name"
              }
            ],
            "private_ip": "10.0.0.167",
            "public_dns": "",
            "public_ip": "34.238.27.55",
            "root_block_device": [
              {
                "delete_on_termination": true,
                "device_name": "/dev/sda1",
                "encrypted": false,
                "iops": 3000,
                "kms_key_id": "",
                "tags": {},
                "tags_all": {},
                "throughput": 125,
                "volume_id": "vol-043e0fedf76685837",
                "volume_size": 8,
                "volume_type": "gp3"
              }
            ],
            "secondary_private_ips": [],
            "security_groups": [],
            "source_dest_check": true,
            "spot_instance_request_id": "",
            "subnet_id": "subnet-097f6d5d89faaf3ca",
            "tags": {
              "Name": "proxy-1"
            },
            "tags_all": {
              "Name": "proxy-1"
            },
            "tenancy": "default",
            "timeouts": null,
            "user_data": "9e0942880d2a44a1cd55082ee7bf353c86943cec",
            "user_data_base64": null,
            "user_data_replace_on_change": false,
            "volume_tags": null,
            "vpc_security_group_ids": [
              "sg-0e26b88e0d516b73e"
            ]
          },
          "sensitive_attributes": [],
          "private": "eyJlMmJmYjczMC1lY2FhLTExZTYtOGY4OC0zNDM2M2JjN2M0YzAiOnsiY3JlYXRlIjo2MDAwMDAwMDAwMDAsImRlbGV0ZSI6MTIwMDAwMDAwMDAwMCwicmVhZCI6OTAwMDAwMDAwMDAwLCJ1cGRhdGUiOjYwMDAwMDAwMDAwMH0sInNjaGVtYV92ZXJzaW9uIjoiMSJ9",
          "dependencies": [
            "aws_key_pair.generated_key",
            "aws_lb.internal_alb",
            "aws_security_group.sg_internal_alb",
            "aws_security_group.sg_proxy",
            "aws_subnet.private_az1",
            "aws_subnet.private_az2",
            "aws_subnet.public_az1",
            "aws_vpc.main_vpc",
            "tls_private_key.example"
          ]
        }
      ]
    },
    {
      "mode": "managed",
      "type": "aws_instance",
      "name": "proxy_2",
      "provider": "provider[\"registry.terraform.io/hashicorp/aws\"]",
      "instances": [
        {
          "schema_version": 1,
          "attributes": {
            "ami": "ami-084568db4383264d4",
            "arn": "arn:aws:ec2:us-east-1:991424600343:instance/i-0ef459ae3bb177bdc",
            "associate_public_ip_address": true,
            "availability_zone": "us-east-1b",
            "capacity_reservation_specification": [
              {
                "capacity_reservation_preference": "open",
                "capacity_reservation_target": []
              }
            ],
            "cpu_core_count": 1,
            "cpu_options": [
              {
                "amd_sev_snp": "",
                "core_count": 1,
                "threads_per_core": 1
              }
            ],
            "cpu_threads_per_core": 1,
            "credit_specification": [
              {
                "cpu_credits": "standard"
              }
            ],
            "disable_api_stop": false,
            "disable_api_termination": false,
            "ebs_block_device": [],
            "ebs_optimized": false,
            "enable_primary_ipv6": null,
            "enclave_options": [
              {
                "enabled": false
              }
            ],
            "ephemeral_block_device": [],
            "get_password_data": false,
            "hibernation": false,
            "host_id": "",
            "host_resource_group_arn": null,
            "iam_instance_profile": "",
            "id": "i-0ef459ae3bb177bdc",
            "instance_initiated_shutdown_behavior": "stop",
            "instance_lifecycle": "",
            "instance_market_options": [],
            "instance_state": "running",
            "instance_type": "t2.micro",
            "ipv6_address_count": 0,
            "ipv6_addresses": [],
            "key_name": "terraform-key",
            "launch_template": [],
            "maintenance_options": [
              {
                "auto_recovery": "default"
              }
            ],
            "metadata_options": [
              {
                "http_endpoint": "enabled",
                "http_protocol_ipv6": "disabled",
                "http_put_response_hop_limit": 2,
                "http_tokens": "required",
                "instance_metadata_tags": "disabled"
              }
            ],
            "monitoring": false,
            "network_interface": [],
            "outpost_arn": "",
            "password_data": "",
            "placement_group": "",
            "placement_partition_number": 0,
            "primary_network_interface_id": "eni-006f4dbc53f00c99c",
            "private_dns": "ip-10-0-2-184.ec2.internal",
            "private_dns_name_options": [
              {
                "enable_resource_name_dns_a_record": false,
                "enable_resource_name_dns_aaaa_record": false,
                "hostname_type": "ip-name"
              }
            ],
            "private_ip": "10.0.2.184",
            "public_dns": "",
            "public_ip": "3.87.231.52",
            "root_block_device": [
              {
                "delete_on_termination": true,
                "device_name": "/dev/sda1",
                "encrypted": false,
                "iops": 3000,
                "kms_key_id": "",
                "tags": {},
                "tags_all": {},
                "throughput": 125,
                "volume_id": "vol-0886a4262fcc34a97",
                "volume_size": 8,
                "volume_type": "gp3"
              }
            ],
            "secondary_private_ips": [],
            "security_groups": [],
            "source_dest_check": true,
            "spot_instance_request_id": "",
            "subnet_id": "subnet-08a9da7078f03bc2e",
            "tags": {
              "Name": "proxy-2"
            },
            "tags_all": {
              "Name": "proxy-2"
            },
            "tenancy": "default",
            "timeouts": null,
            "user_data": "9e0942880d2a44a1cd55082ee7bf353c86943cec",
            "user_data_base64": null,
            "user_data_replace_on_change": false,
            "volume_tags": null,
            "vpc_security_group_ids": [
              "sg-0e26b88e0d516b73e"
            ]
          },
          "sensitive_attributes": [],
          "private": "eyJlMmJmYjczMC1lY2FhLTExZTYtOGY4OC0zNDM2M2JjN2M0YzAiOnsiY3JlYXRlIjo2MDAwMDAwMDAwMDAsImRlbGV0ZSI6MTIwMDAwMDAwMDAwMCwicmVhZCI6OTAwMDAwMDAwMDAwLCJ1cGRhdGUiOjYwMDAwMDAwMDAwMH0sInNjaGVtYV92ZXJzaW9uIjoiMSJ9",
          "dependencies": [
            "aws_key_pair.generated_key",
            "aws_lb.internal_alb",
            "aws_security_group.sg_internal_alb",
            "aws_security_group.sg_proxy",
            "aws_subnet.private_az1",
            "aws_subnet.private_az2",
            "aws_subnet.public_az2",
            "aws_vpc.main_vpc",
            "tls_private_key.example"
          ]
        }
      ]
    },
    {
      "mode": "managed",
      "type": "aws_internet_gateway",
      "name": "igw",
      "provider": "provider[\"registry.terraform.io/hashicorp/aws\"]",
      "instances": [
        {
          "schema_version": 0,
          "attributes": {
            "arn": "arn:aws:ec2:us-east-1:991424600343:internet-gateway/igw-0c2f606d1cf8a77b8",
            "id": "igw-0c2f606d1cf8a77b8",
            "owner_id": "991424600343",
            "tags": {
              "Name": "main-igw"
            },
            "tags_all": {
              "Name": "main-igw"
            },
            "timeouts": null,
            "vpc_id": "vpc-02c37b2f2da38ac70"
          },
          "sensitive_attributes": [],
          "private": "eyJlMmJmYjczMC1lY2FhLTExZTYtOGY4OC0zNDM2M2JjN2M0YzAiOnsiY3JlYXRlIjoxMjAwMDAwMDAwMDAwLCJkZWxldGUiOjEyMDAwMDAwMDAwMDAsInVwZGF0ZSI6MTIwMDAwMDAwMDAwMH19",
          "dependencies": [
            "aws_vpc.main_vpc"
          ]
        }
      ]
    },
    {
      "mode": "managed",
      "type": "aws_key_pair",
      "name": "generated_key",
      "provider": "provider[\"registry.terraform.io/hashicorp/aws\"]",
      "instances": [
        {
          "schema_version": 1,
          "attributes": {
            "arn": "arn:aws:ec2:us-east-1:991424600343:key-pair/terraform-key",
            "fingerprint": "6d:f2:59:6e:04:c4:f3:45:46:ed:e1:de:c8:38:27:92",
            "id": "terraform-key",
            "key_name": "terraform-key",
            "key_name_prefix": "",
            "key_pair_id": "key-0290076b289874d69",
            "key_type": "rsa",
            "public_key": "ssh-rsa AAAAB3NzaC1yc2EAAAADAQABAAACAQDnGD1mreu6RtNHOybBD/1MXSF1gwP/2QzGlwLg0UoPTHmMGGMPt+v5+ofTla2rOv2r1NyvagwfKCiLnmRX5iXO6lSLLmEVoue7oDEUhui+gXPJsqQ9i7qFstRPeg/WYzZWTwJm89fJ4CzcJLdR/hR47aTch+TFiOFuTT3DfvrM2HPmdG19TebvxwC3TxB90awcm/6QNxJNWp8hEcyygmYmKyPhgcNXjFzzZOkUeRj2LGvvMDcSpQ0d8igQ693FID1dv3UKHCYmI5xlGapJiQeGYl850CkaV5rfEkglJqtoD7HHVDY/sUd+4qFHYmdNi89xNhjsQKEoGmKmC5bYgAe3xtLu6BhssKbaHh4qUUhXNUsrBv0klII+KCSPPSv2ftSDjsyCH+K7acGFG9xvU3UsoHMS1SmW1+j7caBdSI+FuzoCjOHEAiguNz7FpsVLP7dm5Xugc+3hCf4v9fp8/uoUVZyXcdTZsdmo+F4SLM6FeM65ReBNKhGzY+esGtVIF1iKz+Tcjzdys/o77QUOYth26ZaYHeobbBDEExHm92CAj7bxTqUUBly6SaJaSgOBPe9b2zqI/B/nfkd/qva4kxGLbMNji9C/aLzrZRdvvB5oZ7/K/jTpFIrHeaYPfDUABky53uFUF/n34fT+b+VYr+0h1+mZI2+2DJx/CrKdXmA2AQ==",
            "tags": null,
            "tags_all": {}
          },
          "sensitive_attributes": [],
          "private": "eyJzY2hlbWFfdmVyc2lvbiI6IjEifQ==",
          "dependencies": [
            "tls_private_key.example"
          ]
        }
      ]
    },
    {
      "mode": "managed",
      "type": "aws_lb",
      "name": "internal_alb",
      "provider": "provider[\"registry.terraform.io/hashicorp/aws\"]",
      "instances": [
        {
          "schema_version": 0,
          "attributes": {
            "access_logs": [
              {
                "bucket": "",
                "enabled": false,
                "prefix": ""
              }
            ],
            "arn": "arn:aws:elasticloadbalancing:us-east-1:991424600343:loadbalancer/app/tf-lb-20250520183301632100000002/d31d9a5cf3606546",
            "arn_suffix": "app/tf-lb-20250520183301632100000002/d31d9a5cf3606546",
            "client_keep_alive": 3600,
            "connection_logs": [
              {
                "bucket": "",
                "enabled": false,
                "prefix": ""
              }
            ],
            "customer_owned_ipv4_pool": "",
            "desync_mitigation_mode": "defensive",
            "dns_name": "internal-tf-lb-20250520183301632100000002-784518084.us-east-1.elb.amazonaws.com",
            "dns_record_client_routing_policy": null,
            "drop_invalid_header_fields": false,
            "enable_cross_zone_load_balancing": true,
            "enable_deletion_protection": false,
            "enable_http2": true,
            "enable_tls_version_and_cipher_suite_headers": false,
            "enable_waf_fail_open": false,
            "enable_xff_client_port": false,
            "enable_zonal_shift": false,
            "enforce_security_group_inbound_rules_on_private_link_traffic": "",
            "id": "arn:aws:elasticloadbalancing:us-east-1:991424600343:loadbalancer/app/tf-lb-20250520183301632100000002/d31d9a5cf3606546",
            "idle_timeout": 60,
            "internal": true,
            "ip_address_type": "ipv4",
            "ipam_pools": [],
            "load_balancer_type": "application",
            "name": "tf-lb-20250520183301632100000002",
            "name_prefix": "tf-lb-",
            "preserve_host_header": false,
            "security_groups": [
              "sg-07742e964a05e2bdb"
            ],
            "subnet_mapping": [
              {
                "allocation_id": "",
                "ipv6_address": "",
                "outpost_id": "",
                "private_ipv4_address": "",
                "subnet_id": "subnet-067bb1849959687c5"
              },
              {
                "allocation_id": "",
                "ipv6_address": "",
                "outpost_id": "",
                "private_ipv4_address": "",
                "subnet_id": "subnet-09e33325466047298"
              }
            ],
            "subnets": [
              "subnet-067bb1849959687c5",
              "subnet-09e33325466047298"
            ],
            "tags": {
              "Name": "internal-alb"
            },
            "tags_all": {
              "Name": "internal-alb"
            },
            "timeouts": null,
            "vpc_id": "vpc-02c37b2f2da38ac70",
            "xff_header_processing_mode": "append",
            "zone_id": "Z35SXDOTRQ7X7K"
          },
          "sensitive_attributes": [],
          "private": "eyJlMmJmYjczMC1lY2FhLTExZTYtOGY4OC0zNDM2M2JjN2M0YzAiOnsiY3JlYXRlIjo2MDAwMDAwMDAwMDAsImRlbGV0ZSI6NjAwMDAwMDAwMDAwLCJ1cGRhdGUiOjYwMDAwMDAwMDAwMH19",
          "dependencies": [
            "aws_security_group.sg_internal_alb",
            "aws_security_group.sg_proxy",
            "aws_subnet.private_az1",
            "aws_subnet.private_az2",
            "aws_vpc.main_vpc"
          ]
        }
      ]
    },
    {
      "mode": "managed",
      "type": "aws_lb",
      "name": "public_alb",
      "provider": "provider[\"registry.terraform.io/hashicorp/aws\"]",
      "instances": [
        {
          "schema_version": 0,
          "attributes": {
            "access_logs": [
              {
                "bucket": "",
                "enabled": false,
                "prefix": ""
              }
            ],
            "arn": "arn:aws:elasticloadbalancing:us-east-1:991424600343:loadbalancer/app/public-alb/735c201b2aab25ac",
            "arn_suffix": "app/public-alb/735c201b2aab25ac",
            "client_keep_alive": 3600,
            "connection_logs": [
              {
                "bucket": "",
                "enabled": false,
                "prefix": ""
              }
            ],
            "customer_owned_ipv4_pool": "",
            "desync_mitigation_mode": "defensive",
            "dns_name": "public-alb-282208563.us-east-1.elb.amazonaws.com",
            "dns_record_client_routing_policy": null,
            "drop_invalid_header_fields": false,
            "enable_cross_zone_load_balancing": true,
            "enable_deletion_protection": false,
            "enable_http2": true,
            "enable_tls_version_and_cipher_suite_headers": false,
            "enable_waf_fail_open": false,
            "enable_xff_client_port": false,
            "enable_zonal_shift": false,
            "enforce_security_group_inbound_rules_on_private_link_traffic": "",
            "id": "arn:aws:elasticloadbalancing:us-east-1:991424600343:loadbalancer/app/public-alb/735c201b2aab25ac",
            "idle_timeout": 60,
            "internal": false,
            "ip_address_type": "ipv4",
            "ipam_pools": [],
            "load_balancer_type": "application",
            "name": "public-alb",
            "name_prefix": "",
            "preserve_host_header": false,
            "security_groups": [
              "sg-00eebe63050db04fe"
            ],
            "subnet_mapping": [
              {
                "allocation_id": "",
                "ipv6_address": "",
                "outpost_id": "",
                "private_ipv4_address": "",
                "subnet_id": "subnet-08a9da7078f03bc2e"
              },
              {
                "allocation_id": "",
                "ipv6_address": "",
                "outpost_id": "",
                "private_ipv4_address": "",
                "subnet_id": "subnet-097f6d5d89faaf3ca"
              }
            ],
            "subnets": [
              "subnet-08a9da7078f03bc2e",
              "subnet-097f6d5d89faaf3ca"
            ],
            "tags": {
              "Name": "public-alb"
            },
            "tags_all": {
              "Name": "public-alb"
            },
            "timeouts": null,
            "vpc_id": "vpc-02c37b2f2da38ac70",
            "xff_header_processing_mode": "append",
            "zone_id": "Z35SXDOTRQ7X7K"
          },
          "sensitive_attributes": [],
          "private": "eyJlMmJmYjczMC1lY2FhLTExZTYtOGY4OC0zNDM2M2JjN2M0YzAiOnsiY3JlYXRlIjo2MDAwMDAwMDAwMDAsImRlbGV0ZSI6NjAwMDAwMDAwMDAwLCJ1cGRhdGUiOjYwMDAwMDAwMDAwMH19",
          "dependencies": [
            "aws_security_group.sg_public_alb",
            "aws_subnet.public_az1",
            "aws_subnet.public_az2",
            "aws_vpc.main_vpc"
          ]
        }
      ]
    },
    {
      "mode": "managed",
      "type": "aws_lb_listener",
      "name": "internal_listener",
      "provider": "provider[\"registry.terraform.io/hashicorp/aws\"]",
      "instances": [
        {
          "schema_version": 0,
          "attributes": {
            "alpn_policy": null,
            "arn": "arn:aws:elasticloadbalancing:us-east-1:991424600343:listener/app/tf-lb-20250520183301632100000002/d31d9a5cf3606546/9a00c0307db1cdc5",
            "certificate_arn": null,
            "default_action": [
              {
                "authenticate_cognito": [],
                "authenticate_oidc": [],
                "fixed_response": [],
                "forward": [],
                "order": 1,
                "redirect": [],
                "target_group_arn": "arn:aws:elasticloadbalancing:us-east-1:991424600343:targetgroup/internal-tg/3cdd1e88415d2c1a",
                "type": "forward"
              }
            ],
            "id": "arn:aws:elasticloadbalancing:us-east-1:991424600343:listener/app/tf-lb-20250520183301632100000002/d31d9a5cf3606546/9a00c0307db1cdc5",
            "load_balancer_arn": "arn:aws:elasticloadbalancing:us-east-1:991424600343:loadbalancer/app/tf-lb-20250520183301632100000002/d31d9a5cf3606546",
            "mutual_authentication": [],
            "port": 80,
            "protocol": "HTTP",
            "routing_http_request_x_amzn_mtls_clientcert_header_name": null,
            "routing_http_request_x_amzn_mtls_clientcert_issuer_header_name": null,
            "routing_http_request_x_amzn_mtls_clientcert_leaf_header_name": null,
            "routing_http_request_x_amzn_mtls_clientcert_serial_number_header_name": null,
            "routing_http_request_x_amzn_mtls_clientcert_subject_header_name": null,
            "routing_http_request_x_amzn_mtls_clientcert_validity_header_name": null,
            "routing_http_request_x_amzn_tls_cipher_suite_header_name": null,
            "routing_http_request_x_amzn_tls_version_header_name": null,
            "routing_http_response_access_control_allow_credentials_header_value": "",
            "routing_http_response_access_control_allow_headers_header_value": "",
            "routing_http_response_access_control_allow_methods_header_value": "",
            "routing_http_response_access_control_allow_origin_header_value": "",
            "routing_http_response_access_control_expose_headers_header_value": "",
            "routing_http_response_access_control_max_age_header_value": "",
            "routing_http_response_content_security_policy_header_value": "",
            "routing_http_response_server_enabled": true,
            "routing_http_response_strict_transport_security_header_value": "",
            "routing_http_response_x_content_type_options_header_value": "",
            "routing_http_response_x_frame_options_header_value": "",
            "ssl_policy": "",
            "tags": null,
            "tags_all": {},
            "tcp_idle_timeout_seconds": null,
            "timeouts": null
          },
          "sensitive_attributes": [],
          "private": "eyJlMmJmYjczMC1lY2FhLTExZTYtOGY4OC0zNDM2M2JjN2M0YzAiOnsiY3JlYXRlIjozMDAwMDAwMDAwMDAsInVwZGF0ZSI6MzAwMDAwMDAwMDAwfX0=",
          "dependencies": [
            "aws_lb.internal_alb",
            "aws_lb_target_group.internal_tg",
            "aws_security_group.sg_internal_alb",
            "aws_security_group.sg_proxy",
            "aws_subnet.private_az1",
            "aws_subnet.private_az2",
            "aws_vpc.main_vpc"
          ]
        }
      ]
    },
    {
      "mode": "managed",
      "type": "aws_lb_listener",
      "name": "public_listener",
      "provider": "provider[\"registry.terraform.io/hashicorp/aws\"]",
      "instances": [
        {
          "schema_version": 0,
          "attributes": {
            "alpn_policy": null,
            "arn": "arn:aws:elasticloadbalancing:us-east-1:991424600343:listener/app/public-alb/735c201b2aab25ac/64497220a0369085",
            "certificate_arn": null,
            "default_action": [
              {
                "authenticate_cognito": [],
                "authenticate_oidc": [],
                "fixed_response": [],
                "forward": [],
                "order": 1,
                "redirect": [],
                "target_group_arn": "arn:aws:elasticloadbalancing:us-east-1:991424600343:targetgroup/public-tg/af83a177b6f550fc",
                "type": "forward"
              }
            ],
            "id": "arn:aws:elasticloadbalancing:us-east-1:991424600343:listener/app/public-alb/735c201b2aab25ac/64497220a0369085",
            "load_balancer_arn": "arn:aws:elasticloadbalancing:us-east-1:991424600343:loadbalancer/app/public-alb/735c201b2aab25ac",
            "mutual_authentication": [],
            "port": 80,
            "protocol": "HTTP",
            "routing_http_request_x_amzn_mtls_clientcert_header_name": null,
            "routing_http_request_x_amzn_mtls_clientcert_issuer_header_name": null,
            "routing_http_request_x_amzn_mtls_clientcert_leaf_header_name": null,
            "routing_http_request_x_amzn_mtls_clientcert_serial_number_header_name": null,
            "routing_http_request_x_amzn_mtls_clientcert_subject_header_name": null,
            "routing_http_request_x_amzn_mtls_clientcert_validity_header_name": null,
            "routing_http_request_x_amzn_tls_cipher_suite_header_name": null,
            "routing_http_request_x_amzn_tls_version_header_name": null,
            "routing_http_response_access_control_allow_credentials_header_value": "",
            "routing_http_response_access_control_allow_headers_header_value": "",
            "routing_http_response_access_control_allow_methods_header_value": "",
            "routing_http_response_access_control_allow_origin_header_value": "",
            "routing_http_response_access_control_expose_headers_header_value": "",
            "routing_http_response_access_control_max_age_header_value": "",
            "routing_http_response_content_security_policy_header_value": "",
            "routing_http_response_server_enabled": true,
            "routing_http_response_strict_transport_security_header_value": "",
            "routing_http_response_x_content_type_options_header_value": "",
            "routing_http_response_x_frame_options_header_value": "",
            "ssl_policy": "",
            "tags": null,
            "tags_all": {},
            "tcp_idle_timeout_seconds": null,
            "timeouts": null
          },
          "sensitive_attributes": [],
          "private": "eyJlMmJmYjczMC1lY2FhLTExZTYtOGY4OC0zNDM2M2JjN2M0YzAiOnsiY3JlYXRlIjozMDAwMDAwMDAwMDAsInVwZGF0ZSI6MzAwMDAwMDAwMDAwfX0=",
          "dependencies": [
            "aws_lb.public_alb",
            "aws_lb_target_group.public_tg",
            "aws_security_group.sg_public_alb",
            "aws_subnet.public_az1",
            "aws_subnet.public_az2",
            "aws_vpc.main_vpc"
          ]
        }
      ]
    },
    {
      "mode": "managed",
      "type": "aws_lb_target_group",
      "name": "internal_tg",
      "provider": "provider[\"registry.terraform.io/hashicorp/aws\"]",
      "instances": [
        {
          "schema_version": 0,
          "attributes": {
            "arn": "arn:aws:elasticloadbalancing:us-east-1:991424600343:targetgroup/internal-tg/3cdd1e88415d2c1a",
            "arn_suffix": "targetgroup/internal-tg/3cdd1e88415d2c1a",
            "connection_termination": null,
            "deregistration_delay": "300",
            "health_check": [
              {
                "enabled": true,
                "healthy_threshold": 2,
                "interval": 30,
                "matcher": "200",
                "path": "/",
                "port": "traffic-port",
                "protocol": "HTTP",
                "timeout": 5,
                "unhealthy_threshold": 2
              }
            ],
            "id": "arn:aws:elasticloadbalancing:us-east-1:991424600343:targetgroup/internal-tg/3cdd1e88415d2c1a",
            "ip_address_type": "ipv4",
            "lambda_multi_value_headers_enabled": false,
            "load_balancer_arns": [],
            "load_balancing_algorithm_type": "round_robin",
            "load_balancing_anomaly_mitigation": "off",
            "load_balancing_cross_zone_enabled": "use_load_balancer_configuration",
            "name": "internal-tg",
            "name_prefix": "",
            "port": 80,
            "preserve_client_ip": null,
            "protocol": "HTTP",
            "protocol_version": "HTTP1",
            "proxy_protocol_v2": false,
            "slow_start": 0,
            "stickiness": [
              {
                "cookie_duration": 86400,
                "cookie_name": "",
                "enabled": false,
                "type": "lb_cookie"
              }
            ],
            "tags": null,
            "tags_all": {},
            "target_failover": [
              {
                "on_deregistration": null,
                "on_unhealthy": null
              }
            ],
            "target_group_health": [
              {
                "dns_failover": [
                  {
                    "minimum_healthy_targets_count": "1",
                    "minimum_healthy_targets_percentage": "off"
                  }
                ],
                "unhealthy_state_routing": [
                  {
                    "minimum_healthy_targets_count": 1,
                    "minimum_healthy_targets_percentage": "off"
                  }
                ]
              }
            ],
            "target_health_state": [
              {
                "enable_unhealthy_connection_termination": null,
                "unhealthy_draining_interval": null
              }
            ],
            "target_type": "instance",
            "vpc_id": "vpc-02c37b2f2da38ac70"
          },
          "sensitive_attributes": [],
          "private": "bnVsbA==",
          "dependencies": [
            "aws_vpc.main_vpc"
          ]
        }
      ]
    },
    {
      "mode": "managed",
      "type": "aws_lb_target_group",
      "name": "public_tg",
      "provider": "provider[\"registry.terraform.io/hashicorp/aws\"]",
      "instances": [
        {
          "schema_version": 0,
          "attributes": {
            "arn": "arn:aws:elasticloadbalancing:us-east-1:991424600343:targetgroup/public-tg/af83a177b6f550fc",
            "arn_suffix": "targetgroup/public-tg/af83a177b6f550fc",
            "connection_termination": null,
            "deregistration_delay": "300",
            "health_check": [
              {
                "enabled": true,
                "healthy_threshold": 2,
                "interval": 30,
                "matcher": "200",
                "path": "/",
                "port": "traffic-port",
                "protocol": "HTTP",
                "timeout": 5,
                "unhealthy_threshold": 2
              }
            ],
            "id": "arn:aws:elasticloadbalancing:us-east-1:991424600343:targetgroup/public-tg/af83a177b6f550fc",
            "ip_address_type": "ipv4",
            "lambda_multi_value_headers_enabled": false,
            "load_balancer_arns": [],
            "load_balancing_algorithm_type": "round_robin",
            "load_balancing_anomaly_mitigation": "off",
            "load_balancing_cross_zone_enabled": "use_load_balancer_configuration",
            "name": "public-tg",
            "name_prefix": "",
            "port": 80,
            "preserve_client_ip": null,
            "protocol": "HTTP",
            "protocol_version": "HTTP1",
            "proxy_protocol_v2": false,
            "slow_start": 0,
            "stickiness": [
              {
                "cookie_duration": 86400,
                "cookie_name": "",
                "enabled": false,
                "type": "lb_cookie"
              }
            ],
            "tags": null,
            "tags_all": {},
            "target_failover": [
              {
                "on_deregistration": null,
                "on_unhealthy": null
              }
            ],
            "target_group_health": [
              {
                "dns_failover": [
                  {
                    "minimum_healthy_targets_count": "1",
                    "minimum_healthy_targets_percentage": "off"
                  }
                ],
                "unhealthy_state_routing": [
                  {
                    "minimum_healthy_targets_count": 1,
                    "minimum_healthy_targets_percentage": "off"
                  }
                ]
              }
            ],
            "target_health_state": [
              {
                "enable_unhealthy_connection_termination": null,
                "unhealthy_draining_interval": null
              }
            ],
            "target_type": "instance",
            "vpc_id": "vpc-02c37b2f2da38ac70"
          },
          "sensitive_attributes": [],
          "private": "bnVsbA==",
          "dependencies": [
            "aws_vpc.main_vpc"
          ]
        }
      ]
    },
    {
      "mode": "managed",
      "type": "aws_lb_target_group_attachment",
      "name": "backend_1",
      "provider": "provider[\"registry.terraform.io/hashicorp/aws\"]",
      "instances": [
        {
          "schema_version": 0,
          "attributes": {
            "availability_zone": null,
            "id": "arn:aws:elasticloadbalancing:us-east-1:991424600343:targetgroup/internal-tg/3cdd1e88415d2c1a-20250520183455352600000007",
            "port": 80,
            "target_group_arn": "arn:aws:elasticloadbalancing:us-east-1:991424600343:targetgroup/internal-tg/3cdd1e88415d2c1a",
            "target_id": "i-0768a2f4a93648422"
          },
          "sensitive_attributes": [],
          "private": "bnVsbA==",
          "dependencies": [
            "aws_eip.NatEIP",
            "aws_instance.backend_1",
            "aws_internet_gateway.igw",
            "aws_key_pair.generated_key",
            "aws_lb_target_group.internal_tg",
            "aws_nat_gateway.NatGW",
            "aws_security_group.sg_backend",
            "aws_security_group.sg_internal_alb",
            "aws_security_group.sg_proxy",
            "aws_subnet.private_az1",
            "aws_subnet.public_az1",
            "aws_vpc.main_vpc",
            "tls_private_key.example"
          ]
        }
      ]
    },
    {
      "mode": "managed",
      "type": "aws_lb_target_group_attachment",
      "name": "backend_2",
      "provider": "provider[\"registry.terraform.io/hashicorp/aws\"]",
      "instances": [
        {
          "schema_version": 0,
          "attributes": {
            "availability_zone": null,
            "id": "arn:aws:elasticloadbalancing:us-east-1:991424600343:targetgroup/internal-tg/3cdd1e88415d2c1a-20250520183516621000000008",
            "port": 80,
            "target_group_arn": "arn:aws:elasticloadbalancing:us-east-1:991424600343:targetgroup/internal-tg/3cdd1e88415d2c1a",
            "target_id": "i-0c41ab19d088d57c3"
          },
          "sensitive_attributes": [],
          "private": "bnVsbA==",
          "dependencies": [
            "aws_eip.NatEIP",
            "aws_instance.backend_2",
            "aws_internet_gateway.igw",
            "aws_key_pair.generated_key",
            "aws_lb_target_group.internal_tg",
            "aws_nat_gateway.NatGW",
            "aws_security_group.sg_backend",
            "aws_security_group.sg_internal_alb",
            "aws_security_group.sg_proxy",
            "aws_subnet.private_az2",
            "aws_subnet.public_az1",
            "aws_vpc.main_vpc",
            "tls_private_key.example"
          ]
        }
      ]
    },
    {
      "mode": "managed",
      "type": "aws_lb_target_group_attachment",
      "name": "proxy_1",
      "provider": "provider[\"registry.terraform.io/hashicorp/aws\"]",
      "instances": [
        {
          "schema_version": 0,
          "attributes": {
            "availability_zone": null,
            "id": "arn:aws:elasticloadbalancing:us-east-1:991424600343:targetgroup/public-tg/af83a177b6f550fc-2025052018363547280000000c",
            "port": 80,
            "target_group_arn": "arn:aws:elasticloadbalancing:us-east-1:991424600343:targetgroup/public-tg/af83a177b6f550fc",
            "target_id": "i-0c46d3b422a7d2af6"
          },
          "sensitive_attributes": [],
          "private": "bnVsbA==",
          "dependencies": [
            "aws_instance.proxy_1",
            "aws_key_pair.generated_key",
            "aws_lb.internal_alb",
            "aws_lb_target_group.public_tg",
            "aws_security_group.sg_internal_alb",
            "aws_security_group.sg_proxy",
            "aws_subnet.private_az1",
            "aws_subnet.private_az2",
            "aws_subnet.public_az1",
            "aws_vpc.main_vpc",
            "tls_private_key.example"
          ]
        }
      ]
    },
    {
      "mode": "managed",
      "type": "aws_lb_target_group_attachment",
      "name": "proxy_2",
      "provider": "provider[\"registry.terraform.io/hashicorp/aws\"]",
      "instances": [
        {
          "schema_version": 0,
          "attributes": {
            "availability_zone": null,
            "id": "arn:aws:elasticloadbalancing:us-east-1:991424600343:targetgroup/public-tg/af83a177b6f550fc-2025052018361919360000000b",
            "port": 80,
            "target_group_arn": "arn:aws:elasticloadbalancing:us-east-1:991424600343:targetgroup/public-tg/af83a177b6f550fc",
            "target_id": "i-0ef459ae3bb177bdc"
          },
          "sensitive_attributes": [],
          "private": "bnVsbA==",
          "dependencies": [
            "aws_instance.proxy_2",
            "aws_key_pair.generated_key",
            "aws_lb.internal_alb",
            "aws_lb_target_group.public_tg",
            "aws_security_group.sg_internal_alb",
            "aws_security_group.sg_proxy",
            "aws_subnet.private_az1",
            "aws_subnet.private_az2",
            "aws_subnet.public_az2",
            "aws_vpc.main_vpc",
            "tls_private_key.example"
          ]
        }
      ]
    },
    {
      "mode": "managed",
      "type": "aws_nat_gateway",
      "name": "NatGW",
      "provider": "provider[\"registry.terraform.io/hashicorp/aws\"]",
      "instances": [
        {
          "schema_version": 0,
          "attributes": {
            "allocation_id": "eipalloc-0e401b026ec311315",
            "association_id": "eipassoc-0c811a8714c9634d6",
            "connectivity_type": "public",
            "id": "nat-02bef4fb8eb995fe7",
            "network_interface_id": "eni-0f2e3c9cf78ff324f",
            "private_ip": "10.0.0.110",
            "public_ip": "52.71.134.137",
            "secondary_allocation_ids": null,
            "secondary_private_ip_address_count": 0,
            "secondary_private_ip_addresses": [],
            "subnet_id": "subnet-097f6d5d89faaf3ca",
            "tags": {
              "Name": "NatGW"
            },
            "tags_all": {
              "Name": "NatGW"
            },
            "timeouts": null
          },
          "sensitive_attributes": [],
          "private": "eyJlMmJmYjczMC1lY2FhLTExZTYtOGY4OC0zNDM2M2JjN2M0YzAiOnsiY3JlYXRlIjo2MDAwMDAwMDAwMDAsImRlbGV0ZSI6MTgwMDAwMDAwMDAwMCwidXBkYXRlIjo2MDAwMDAwMDAwMDB9fQ==",
          "dependencies": [
            "aws_eip.NatEIP",
            "aws_internet_gateway.igw",
            "aws_subnet.public_az1",
            "aws_vpc.main_vpc"
          ]
        }
      ]
    },
    {
      "mode": "managed",
      "type": "aws_route_table",
      "name": "private_rt",
      "provider": "provider[\"registry.terraform.io/hashicorp/aws\"]",
      "instances": [
        {
          "schema_version": 0,
          "attributes": {
            "arn": "arn:aws:ec2:us-east-1:991424600343:route-table/rtb-024a42463c3b1f5e6",
            "id": "rtb-024a42463c3b1f5e6",
            "owner_id": "991424600343",
            "propagating_vgws": [],
            "route": [
              {
                "carrier_gateway_id": "",
                "cidr_block": "0.0.0.0/0",
                "core_network_arn": "",
                "destination_prefix_list_id": "",
                "egress_only_gateway_id": "",
                "gateway_id": "nat-02bef4fb8eb995fe7",
                "ipv6_cidr_block": "",
                "local_gateway_id": "",
                "nat_gateway_id": "",
                "network_interface_id": "",
                "transit_gateway_id": "",
                "vpc_endpoint_id": "",
                "vpc_peering_connection_id": ""
              }
            ],
            "tags": {
              "Name": "private-rt"
            },
            "tags_all": {
              "Name": "private-rt"
            },
            "timeouts": null,
            "vpc_id": "vpc-02c37b2f2da38ac70"
          },
          "sensitive_attributes": [],
          "private": "eyJlMmJmYjczMC1lY2FhLTExZTYtOGY4OC0zNDM2M2JjN2M0YzAiOnsiY3JlYXRlIjozMDAwMDAwMDAwMDAsImRlbGV0ZSI6MzAwMDAwMDAwMDAwLCJ1cGRhdGUiOjEyMDAwMDAwMDAwMH19",
          "dependencies": [
            "aws_eip.NatEIP",
            "aws_internet_gateway.igw",
            "aws_nat_gateway.NatGW",
            "aws_subnet.public_az1",
            "aws_vpc.main_vpc"
          ]
        }
      ]
    },
    {
      "mode": "managed",
      "type": "aws_route_table",
      "name": "public_rt",
      "provider": "provider[\"registry.terraform.io/hashicorp/aws\"]",
      "instances": [
        {
          "schema_version": 0,
          "attributes": {
            "arn": "arn:aws:ec2:us-east-1:991424600343:route-table/rtb-0634edebdf58f07b9",
            "id": "rtb-0634edebdf58f07b9",
            "owner_id": "991424600343",
            "propagating_vgws": [],
            "route": [
              {
                "carrier_gateway_id": "",
                "cidr_block": "0.0.0.0/0",
                "core_network_arn": "",
                "destination_prefix_list_id": "",
                "egress_only_gateway_id": "",
                "gateway_id": "igw-0c2f606d1cf8a77b8",
                "ipv6_cidr_block": "",
                "local_gateway_id": "",
                "nat_gateway_id": "",
                "network_interface_id": "",
                "transit_gateway_id": "",
                "vpc_endpoint_id": "",
                "vpc_peering_connection_id": ""
              }
            ],
            "tags": {
              "Name": "public-rt"
            },
            "tags_all": {
              "Name": "public-rt"
            },
            "timeouts": null,
            "vpc_id": "vpc-02c37b2f2da38ac70"
          },
          "sensitive_attributes": [],
          "private": "eyJlMmJmYjczMC1lY2FhLTExZTYtOGY4OC0zNDM2M2JjN2M0YzAiOnsiY3JlYXRlIjozMDAwMDAwMDAwMDAsImRlbGV0ZSI6MzAwMDAwMDAwMDAwLCJ1cGRhdGUiOjEyMDAwMDAwMDAwMH19",
          "dependencies": [
            "aws_internet_gateway.igw",
            "aws_vpc.main_vpc"
          ]
        }
      ]
    },
    {
      "mode": "managed",
      "type": "aws_route_table_association",
      "name": "private_az1",
      "provider": "provider[\"registry.terraform.io/hashicorp/aws\"]",
      "instances": [
        {
          "schema_version": 0,
          "attributes": {
            "gateway_id": "",
            "id": "rtbassoc-0a2f626a785334cca",
            "route_table_id": "rtb-024a42463c3b1f5e6",
            "subnet_id": "subnet-067bb1849959687c5",
            "timeouts": null
          },
          "sensitive_attributes": [],
          "private": "eyJlMmJmYjczMC1lY2FhLTExZTYtOGY4OC0zNDM2M2JjN2M0YzAiOnsiY3JlYXRlIjozMDAwMDAwMDAwMDAsImRlbGV0ZSI6MzAwMDAwMDAwMDAwLCJ1cGRhdGUiOjEyMDAwMDAwMDAwMH19",
          "dependencies": [
            "aws_eip.NatEIP",
            "aws_internet_gateway.igw",
            "aws_nat_gateway.NatGW",
            "aws_route_table.private_rt",
            "aws_subnet.private_az1",
            "aws_subnet.public_az1",
            "aws_vpc.main_vpc"
          ]
        }
      ]
    },
    {
      "mode": "managed",
      "type": "aws_route_table_association",
      "name": "private_az2",
      "provider": "provider[\"registry.terraform.io/hashicorp/aws\"]",
      "instances": [
        {
          "schema_version": 0,
          "attributes": {
            "gateway_id": "",
            "id": "rtbassoc-076610b44097670eb",
            "route_table_id": "rtb-024a42463c3b1f5e6",
            "subnet_id": "subnet-09e33325466047298",
            "timeouts": null
          },
          "sensitive_attributes": [],
          "private": "eyJlMmJmYjczMC1lY2FhLTExZTYtOGY4OC0zNDM2M2JjN2M0YzAiOnsiY3JlYXRlIjozMDAwMDAwMDAwMDAsImRlbGV0ZSI6MzAwMDAwMDAwMDAwLCJ1cGRhdGUiOjEyMDAwMDAwMDAwMH19",
          "dependencies": [
            "aws_eip.NatEIP",
            "aws_internet_gateway.igw",
            "aws_nat_gateway.NatGW",
            "aws_route_table.private_rt",
            "aws_subnet.private_az2",
            "aws_subnet.public_az1",
            "aws_vpc.main_vpc"
          ]
        }
      ]
    },
    {
      "mode": "managed",
      "type": "aws_route_table_association",
      "name": "public_az1",
      "provider": "provider[\"registry.terraform.io/hashicorp/aws\"]",
      "instances": [
        {
          "schema_version": 0,
          "attributes": {
            "gateway_id": "",
            "id": "rtbassoc-075079ac83b078552",
            "route_table_id": "rtb-0634edebdf58f07b9",
            "subnet_id": "subnet-097f6d5d89faaf3ca",
            "timeouts": null
          },
          "sensitive_attributes": [],
          "private": "eyJlMmJmYjczMC1lY2FhLTExZTYtOGY4OC0zNDM2M2JjN2M0YzAiOnsiY3JlYXRlIjozMDAwMDAwMDAwMDAsImRlbGV0ZSI6MzAwMDAwMDAwMDAwLCJ1cGRhdGUiOjEyMDAwMDAwMDAwMH19",
          "dependencies": [
            "aws_internet_gateway.igw",
            "aws_route_table.public_rt",
            "aws_subnet.public_az1",
            "aws_vpc.main_vpc"
          ]
        }
      ]
    },
    {
      "mode": "managed",
      "type": "aws_route_table_association",
      "name": "public_az2",
      "provider": "provider[\"registry.terraform.io/hashicorp/aws\"]",
      "instances": [
        {
          "schema_version": 0,
          "attributes": {
            "gateway_id": "",
            "id": "rtbassoc-030faded08e902d76",
            "route_table_id": "rtb-0634edebdf58f07b9",
            "subnet_id": "subnet-08a9da7078f03bc2e",
            "timeouts": null
          },
          "sensitive_attributes": [],
          "private": "eyJlMmJmYjczMC1lY2FhLTExZTYtOGY4OC0zNDM2M2JjN2M0YzAiOnsiY3JlYXRlIjozMDAwMDAwMDAwMDAsImRlbGV0ZSI6MzAwMDAwMDAwMDAwLCJ1cGRhdGUiOjEyMDAwMDAwMDAwMH19",
          "dependencies": [
            "aws_internet_gateway.igw",
            "aws_route_table.public_rt",
            "aws_subnet.public_az2",
            "aws_vpc.main_vpc"
          ]
        }
      ]
    },
    {
      "mode": "managed",
      "type": "aws_security_group",
      "name": "sg_backend",
      "provider": "provider[\"registry.terraform.io/hashicorp/aws\"]",
      "instances": [
        {
          "schema_version": 1,
          "attributes": {
            "arn": "arn:aws:ec2:us-east-1:991424600343:security-group/sg-0ae38105cebb338d8",
            "description": "Allow HTTP from internal ALB",
            "egress": [
              {
                "cidr_blocks": [
                  "0.0.0.0/0"
                ],
                "description": "",
                "from_port": 0,
                "ipv6_cidr_blocks": [],
                "prefix_list_ids": [],
                "protocol": "-1",
                "security_groups": [],
                "self": false,
                "to_port": 0
              }
            ],
            "id": "sg-0ae38105cebb338d8",
            "ingress": [
              {
                "cidr_blocks": [],
                "description": "",
                "from_port": 22,
                "ipv6_cidr_blocks": [],
                "prefix_list_ids": [],
                "protocol": "tcp",
                "security_groups": [
                  "sg-0e26b88e0d516b73e"
                ],
                "self": false,
                "to_port": 22
              },
              {
                "cidr_blocks": [],
                "description": "",
                "from_port": 80,
                "ipv6_cidr_blocks": [],
                "prefix_list_ids": [],
                "protocol": "tcp",
                "security_groups": [
                  "sg-07742e964a05e2bdb"
                ],
                "self": false,
                "to_port": 80
              }
            ],
            "name": "backend",
            "name_prefix": "",
            "owner_id": "991424600343",
            "revoke_rules_on_delete": false,
            "tags": {
              "Name": "sg-backend"
            },
            "tags_all": {
              "Name": "sg-backend"
            },
            "timeouts": null,
            "vpc_id": "vpc-02c37b2f2da38ac70"
          },
          "sensitive_attributes": [],
          "private": "eyJlMmJmYjczMC1lY2FhLTExZTYtOGY4OC0zNDM2M2JjN2M0YzAiOnsiY3JlYXRlIjo2MDAwMDAwMDAwMDAsImRlbGV0ZSI6OTAwMDAwMDAwMDAwfSwic2NoZW1hX3ZlcnNpb24iOiIxIn0=",
          "dependencies": [
            "aws_security_group.sg_internal_alb",
            "aws_security_group.sg_proxy",
            "aws_vpc.main_vpc"
          ]
        }
      ]
    },
    {
      "mode": "managed",
      "type": "aws_security_group",
      "name": "sg_internal_alb",
      "provider": "provider[\"registry.terraform.io/hashicorp/aws\"]",
      "instances": [
        {
          "schema_version": 1,
          "attributes": {
            "arn": "arn:aws:ec2:us-east-1:991424600343:security-group/sg-07742e964a05e2bdb",
            "description": "Allow HTTP from proxy EC2",
            "egress": [
              {
                "cidr_blocks": [
                  "0.0.0.0/0"
                ],
                "description": "",
                "from_port": 0,
                "ipv6_cidr_blocks": [],
                "prefix_list_ids": [],
                "protocol": "-1",
                "security_groups": [],
                "self": false,
                "to_port": 0
              }
            ],
            "id": "sg-07742e964a05e2bdb",
            "ingress": [
              {
                "cidr_blocks": [],
                "description": "",
                "from_port": 80,
                "ipv6_cidr_blocks": [],
                "prefix_list_ids": [],
                "protocol": "tcp",
                "security_groups": [
                  "sg-0e26b88e0d516b73e"
                ],
                "self": false,
                "to_port": 80
              }
            ],
            "name": "internal-alb",
            "name_prefix": "",
            "owner_id": "991424600343",
            "revoke_rules_on_delete": false,
            "tags": {
              "Name": "sg-internal-alb"
            },
            "tags_all": {
              "Name": "sg-internal-alb"
            },
            "timeouts": null,
            "vpc_id": "vpc-02c37b2f2da38ac70"
          },
          "sensitive_attributes": [],
          "private": "eyJlMmJmYjczMC1lY2FhLTExZTYtOGY4OC0zNDM2M2JjN2M0YzAiOnsiY3JlYXRlIjo2MDAwMDAwMDAwMDAsImRlbGV0ZSI6OTAwMDAwMDAwMDAwfSwic2NoZW1hX3ZlcnNpb24iOiIxIn0=",
          "dependencies": [
            "aws_security_group.sg_proxy",
            "aws_vpc.main_vpc"
          ]
        }
      ]
    },
    {
      "mode": "managed",
      "type": "aws_security_group",
      "name": "sg_proxy",
      "provider": "provider[\"registry.terraform.io/hashicorp/aws\"]",
      "instances": [
        {
          "schema_version": 1,
          "attributes": {
            "arn": "arn:aws:ec2:us-east-1:991424600343:security-group/sg-0e26b88e0d516b73e",
            "description": "Allow HTTP from public ALB",
            "egress": [
              {
                "cidr_blocks": [
                  "0.0.0.0/0"
                ],
                "description": "",
                "from_port": 0,
                "ipv6_cidr_blocks": [],
                "prefix_list_ids": [],
                "protocol": "-1",
                "security_groups": [],
                "self": false,
                "to_port": 0
              }
            ],
            "id": "sg-0e26b88e0d516b73e",
            "ingress": [
              {
                "cidr_blocks": [
                  "0.0.0.0/0"
                ],
                "description": "",
                "from_port": 22,
                "ipv6_cidr_blocks": [],
                "prefix_list_ids": [],
                "protocol": "tcp",
                "security_groups": [],
                "self": false,
                "to_port": 22
              },
              {
                "cidr_blocks": [
                  "0.0.0.0/0"
                ],
                "description": "",
                "from_port": 80,
                "ipv6_cidr_blocks": [],
                "prefix_list_ids": [],
                "protocol": "tcp",
                "security_groups": [],
                "self": false,
                "to_port": 80
              }
            ],
            "name": "proxy",
            "name_prefix": "",
            "owner_id": "991424600343",
            "revoke_rules_on_delete": false,
            "tags": {
              "Name": "sg-proxy"
            },
            "tags_all": {
              "Name": "sg-proxy"
            },
            "timeouts": null,
            "vpc_id": "vpc-02c37b2f2da38ac70"
          },
          "sensitive_attributes": [],
          "private": "eyJlMmJmYjczMC1lY2FhLTExZTYtOGY4OC0zNDM2M2JjN2M0YzAiOnsiY3JlYXRlIjo2MDAwMDAwMDAwMDAsImRlbGV0ZSI6OTAwMDAwMDAwMDAwfSwic2NoZW1hX3ZlcnNpb24iOiIxIn0=",
          "dependencies": [
            "aws_vpc.main_vpc"
          ]
        }
      ]
    },
    {
      "mode": "managed",
      "type": "aws_security_group",
      "name": "sg_public_alb",
      "provider": "provider[\"registry.terraform.io/hashicorp/aws\"]",
      "instances": [
        {
          "schema_version": 1,
          "attributes": {
            "arn": "arn:aws:ec2:us-east-1:991424600343:security-group/sg-00eebe63050db04fe",
            "description": "Allow HTTP from internet",
            "egress": [
              {
                "cidr_blocks": [
                  "0.0.0.0/0"
                ],
                "description": "",
                "from_port": 0,
                "ipv6_cidr_blocks": [],
                "prefix_list_ids": [],
                "protocol": "-1",
                "security_groups": [],
                "self": false,
                "to_port": 0
              }
            ],
            "id": "sg-00eebe63050db04fe",
            "ingress": [
              {
                "cidr_blocks": [
                  "0.0.0.0/0"
                ],
                "description": "",
                "from_port": 80,
                "ipv6_cidr_blocks": [],
                "prefix_list_ids": [],
                "protocol": "tcp",
                "security_groups": [],
                "self": false,
                "to_port": 80
              }
            ],
            "name": "public-alb",
            "name_prefix": "",
            "owner_id": "991424600343",
            "revoke_rules_on_delete": false,
            "tags": {
              "Name": "sg-public-alb"
            },
            "tags_all": {
              "Name": "sg-public-alb"
            },
            "timeouts": null,
            "vpc_id": "vpc-02c37b2f2da38ac70"
          },
          "sensitive_attributes": [],
          "private": "eyJlMmJmYjczMC1lY2FhLTExZTYtOGY4OC0zNDM2M2JjN2M0YzAiOnsiY3JlYXRlIjo2MDAwMDAwMDAwMDAsImRlbGV0ZSI6OTAwMDAwMDAwMDAwfSwic2NoZW1hX3ZlcnNpb24iOiIxIn0=",
          "dependencies": [
            "aws_vpc.main_vpc"
          ]
        }
      ]
    },
    {
      "mode": "managed",
      "type": "aws_subnet",
      "name": "private_az1",
      "provider": "provider[\"registry.terraform.io/hashicorp/aws\"]",
      "instances": [
        {
          "schema_version": 1,
          "attributes": {
            "arn": "arn:aws:ec2:us-east-1:991424600343:subnet/subnet-067bb1849959687c5",
            "assign_ipv6_address_on_creation": false,
            "availability_zone": "us-east-1a",
            "availability_zone_id": "use1-az1",
            "cidr_block": "10.0.1.0/24",
            "customer_owned_ipv4_pool": "",
            "enable_dns64": false,
            "enable_lni_at_device_index": 0,
            "enable_resource_name_dns_a_record_on_launch": false,
            "enable_resource_name_dns_aaaa_record_on_launch": false,
            "id": "subnet-067bb1849959687c5",
            "ipv6_cidr_block": "",
            "ipv6_cidr_block_association_id": "",
            "ipv6_native": false,
            "map_customer_owned_ip_on_launch": false,
            "map_public_ip_on_launch": false,
            "outpost_arn": "",
            "owner_id": "991424600343",
            "private_dns_hostname_type_on_launch": "ip-name",
            "tags": {
              "Name": "private-az1"
            },
            "tags_all": {
              "Name": "private-az1"
            },
            "timeouts": null,
            "vpc_id": "vpc-02c37b2f2da38ac70"
          },
          "sensitive_attributes": [],
          "private": "eyJlMmJmYjczMC1lY2FhLTExZTYtOGY4OC0zNDM2M2JjN2M0YzAiOnsiY3JlYXRlIjo2MDAwMDAwMDAwMDAsImRlbGV0ZSI6MTIwMDAwMDAwMDAwMH0sInNjaGVtYV92ZXJzaW9uIjoiMSJ9",
          "dependencies": [
            "aws_vpc.main_vpc"
          ]
        }
      ]
    },
    {
      "mode": "managed",
      "type": "aws_subnet",
      "name": "private_az2",
      "provider": "provider[\"registry.terraform.io/hashicorp/aws\"]",
      "instances": [
        {
          "schema_version": 1,
          "attributes": {
            "arn": "arn:aws:ec2:us-east-1:991424600343:subnet/subnet-09e33325466047298",
            "assign_ipv6_address_on_creation": false,
            "availability_zone": "us-east-1b",
            "availability_zone_id": "use1-az2",
            "cidr_block": "10.0.3.0/24",
            "customer_owned_ipv4_pool": "",
            "enable_dns64": false,
            "enable_lni_at_device_index": 0,
            "enable_resource_name_dns_a_record_on_launch": false,
            "enable_resource_name_dns_aaaa_record_on_launch": false,
            "id": "subnet-09e33325466047298",
            "ipv6_cidr_block": "",
            "ipv6_cidr_block_association_id": "",
            "ipv6_native": false,
            "map_customer_owned_ip_on_launch": false,
            "map_public_ip_on_launch": false,
            "outpost_arn": "",
            "owner_id": "991424600343",
            "private_dns_hostname_type_on_launch": "ip-name",
            "tags": {
              "Name": "private-az2"
            },
            "tags_all": {
              "Name": "private-az2"
            },
            "timeouts": null,
            "vpc_id": "vpc-02c37b2f2da38ac70"
          },
          "sensitive_attributes": [],
          "private": "eyJlMmJmYjczMC1lY2FhLTExZTYtOGY4OC0zNDM2M2JjN2M0YzAiOnsiY3JlYXRlIjo2MDAwMDAwMDAwMDAsImRlbGV0ZSI6MTIwMDAwMDAwMDAwMH0sInNjaGVtYV92ZXJzaW9uIjoiMSJ9",
          "dependencies": [
            "aws_vpc.main_vpc"
          ]
        }
      ]
    },
    {
      "mode": "managed",
      "type": "aws_subnet",
      "name": "public_az1",
      "provider": "provider[\"registry.terraform.io/hashicorp/aws\"]",
      "instances": [
        {
          "schema_version": 1,
          "attributes": {
            "arn": "arn:aws:ec2:us-east-1:991424600343:subnet/subnet-097f6d5d89faaf3ca",
            "assign_ipv6_address_on_creation": false,
            "availability_zone": "us-east-1a",
            "availability_zone_id": "use1-az1",
            "cidr_block": "10.0.0.0/24",
            "customer_owned_ipv4_pool": "",
            "enable_dns64": false,
            "enable_lni_at_device_index": 0,
            "enable_resource_name_dns_a_record_on_launch": false,
            "enable_resource_name_dns_aaaa_record_on_launch": false,
            "id": "subnet-097f6d5d89faaf3ca",
            "ipv6_cidr_block": "",
            "ipv6_cidr_block_association_id": "",
            "ipv6_native": false,
            "map_customer_owned_ip_on_launch": false,
            "map_public_ip_on_launch": true,
            "outpost_arn": "",
            "owner_id": "991424600343",
            "private_dns_hostname_type_on_launch": "ip-name",
            "tags": {
              "Name": "public-az1"
            },
            "tags_all": {
              "Name": "public-az1"
            },
            "timeouts": null,
            "vpc_id": "vpc-02c37b2f2da38ac70"
          },
          "sensitive_attributes": [],
          "private": "eyJlMmJmYjczMC1lY2FhLTExZTYtOGY4OC0zNDM2M2JjN2M0YzAiOnsiY3JlYXRlIjo2MDAwMDAwMDAwMDAsImRlbGV0ZSI6MTIwMDAwMDAwMDAwMH0sInNjaGVtYV92ZXJzaW9uIjoiMSJ9",
          "dependencies": [
            "aws_vpc.main_vpc"
          ]
        }
      ]
    },
    {
      "mode": "managed",
      "type": "aws_subnet",
      "name": "public_az2",
      "provider": "provider[\"registry.terraform.io/hashicorp/aws\"]",
      "instances": [
        {
          "schema_version": 1,
          "attributes": {
            "arn": "arn:aws:ec2:us-east-1:991424600343:subnet/subnet-08a9da7078f03bc2e",
            "assign_ipv6_address_on_creation": false,
            "availability_zone": "us-east-1b",
            "availability_zone_id": "use1-az2",
            "cidr_block": "10.0.2.0/24",
            "customer_owned_ipv4_pool": "",
            "enable_dns64": false,
            "enable_lni_at_device_index": 0,
            "enable_resource_name_dns_a_record_on_launch": false,
            "enable_resource_name_dns_aaaa_record_on_launch": false,
            "id": "subnet-08a9da7078f03bc2e",
            "ipv6_cidr_block": "",
            "ipv6_cidr_block_association_id": "",
            "ipv6_native": false,
            "map_customer_owned_ip_on_launch": false,
            "map_public_ip_on_launch": true,
            "outpost_arn": "",
            "owner_id": "991424600343",
            "private_dns_hostname_type_on_launch": "ip-name",
            "tags": {
              "Name": "public-az2"
            },
            "tags_all": {
              "Name": "public-az2"
            },
            "timeouts": null,
            "vpc_id": "vpc-02c37b2f2da38ac70"
          },
          "sensitive_attributes": [],
          "private": "eyJlMmJmYjczMC1lY2FhLTExZTYtOGY4OC0zNDM2M2JjN2M0YzAiOnsiY3JlYXRlIjo2MDAwMDAwMDAwMDAsImRlbGV0ZSI6MTIwMDAwMDAwMDAwMH0sInNjaGVtYV92ZXJzaW9uIjoiMSJ9",
          "dependencies": [
            "aws_vpc.main_vpc"
          ]
        }
      ]
    },
    {
      "mode": "managed",
      "type": "aws_vpc",
      "name": "main_vpc",
      "provider": "provider[\"registry.terraform.io/hashicorp/aws\"]",
      "instances": [
        {
          "schema_version": 1,
          "attributes": {
            "arn": "arn:aws:ec2:us-east-1:991424600343:vpc/vpc-02c37b2f2da38ac70",
            "assign_generated_ipv6_cidr_block": false,
            "cidr_block": "10.0.0.0/16",
            "default_network_acl_id": "acl-07e3a9956805fde26",
            "default_route_table_id": "rtb-0ba4a8716d6d8f445",
            "default_security_group_id": "sg-0f6a0d13258e9f3cf",
            "dhcp_options_id": "dopt-0528b1f1a12c54cfc",
            "enable_dns_hostnames": false,
            "enable_dns_support": true,
            "enable_network_address_usage_metrics": false,
            "id": "vpc-02c37b2f2da38ac70",
            "instance_tenancy": "default",
            "ipv4_ipam_pool_id": null,
            "ipv4_netmask_length": null,
            "ipv6_association_id": "",
            "ipv6_cidr_block": "",
            "ipv6_cidr_block_network_border_group": "",
            "ipv6_ipam_pool_id": "",
            "ipv6_netmask_length": 0,
            "main_route_table_id": "rtb-0ba4a8716d6d8f445",
            "owner_id": "991424600343",
            "tags": {
              "Name": "main-vpc"
            },
            "tags_all": {
              "Name": "main-vpc"
            }
          },
          "sensitive_attributes": [],
          "private": "eyJzY2hlbWFfdmVyc2lvbiI6IjEifQ=="
        }
      ]
    },
    {
      "mode": "managed",
      "type": "local_file",
      "name": "private_key",
      "provider": "provider[\"registry.terraform.io/hashicorp/local\"]",
      "instances": [
        {
          "schema_version": 0,
          "attributes": {
            "content": "-----BEGIN RSA PRIVATE KEY-----\nMIIJKAIBAAKCAgEA5xg9Zq3rukbTRzsmwQ/9TF0hdYMD/9kMxpcC4NFKD0x5jBhj\nD7fr+fqH05Wtqzr9q9Tcr2oMHygoi55kV+YlzupUiy5hFaLnu6AxFIbovoFzybKk\nPYu6hbLUT3oP1mM2Vk8CZvPXyeAs3CS3Uf4UeO2k3IfkxYjhbk09w376zNhz5nRt\nfU3m78cAt08QfdGsHJv+kDcSTVqfIRHMsoJmJisj4YHDV4xc82TpFHkY9ixr7zA3\nEqUNHfIoEOvdxSA9Xb91ChwmJiOcZRmqSYkHhmJfOdApGlea3xJIJSaraA+xx1Q2\nP7FHfuKhR2JnTYvPcTYY7EChKBpipguW2IAHt8bS7ugYbLCm2h4eKlFIVzVLKwb9\nJJSCPigkjz0r9n7Ug47Mgh/iu2nBhRvcb1N1LKBzEtUpltfo+3GgXUiPhbs6Aozh\nxAIoLjc+xabFSz+3ZuV7oHPt4Qn+L/X6fP7qFFWcl3HU2bHZqPheEizOhXjOuUXg\nTSoRs2PnrBrVSBdYis/k3I83crP6O+0FDmLYdumWmB3qG2wQxBMR5vdggI+28U6l\nFAZcukmiWkoDgT3vW9s6iPwf535Hf6r2uJMRi2zDY4vQv2i862UXb7weaGe/yv40\n6RSKx3mmD3w1AAZMud7hVBf59+H0/m/lWK/tIdfpmSNvtgycfwqynV5gNgECAwEA\nAQKCAgAM62EgZMwDUJsWdf89Rx9wNdstYocWVjw1fIMJzk2LhCkd7M2Z9vxzb98I\n1Er+oghFQ1vYly9JDSHSJ2dg9iIKOrXCB7RgBSjbJ5Ii3YV0xBA0+B6gPbfualBe\nBpsMz2Rd6CIgXxTC6ZxcbNWOWQvsNE31kcfXhsbil6EitS5Ahj/ZhAwMd67X3Bpl\nRR9tB0wt18dAKQIGDtFLZB87YhijnOEPRgXFlthp94vjy/7aIWLh3wJPMajFcjCs\n/IC8GOixXWclyuvTkUVYrhoD7SwdZlHATcvEeB4Vh0Q/BnXJ9imoVQQI5Mh0Vqdx\nUhYoIs80uzNivty7nRkDgy2aWjMEJxwF8HQ4jvHRIeAOFaY3ZYRXb7ejuALtFOvP\njMszLjpgVT/fpiUvp2whTsr11GopqZwd/VMOHRDk6kiAzNn0inv0Er+Y0AUuEOK+\nCGijEC69TKMvGSAU3HVCGAw6780y9+lTdjSjRk0EZfKSTVgaKPH13XXg/sjC70oB\n5kygDV0t3swhQN0E7l2xnQWaqe3KVieDr7YqvFLXCH48Cgq1GsHecGF41SCAkK/i\nb0e9+CyOvthUJ1QoYl69oUK63MXdgiqMSW8umv9EbdzdhBNRrDyZslxZwBpTWzPb\naoEoES5eOsYDGYTtpK6vSjFHr4e3xyla/b72hyC51SvPhYr4IQKCAQEA+/aaaAwW\n/lp+Jhb7TK8F2rEv5C1u9BaAYVpFD1ZtWcSCCkM8n7JETeaHjDpZl2c3VQxGDzCp\neKN1lcYLjPXJCS4KHu+12HJpn+fByqCh06sw9zfTzWDqg175JGU69EO1mXgOpsuG\nBB8zSmn+8yEcBcZYwj0P2MQoyBvIICYmX9C25A34wRXuIdbQTLJQNLPUehvriyzI\n4rbhgKAk1jEszhg/6KknabtqD/xlzZrNUxW2fPolMogkiy7gDc6iWVQ7R6UpkkHL\nN99UEQZoY0mOwGyl2gmK4fx/kP4rknq7aesGjirhC4aPvtggcIAZURmlpzDNXiq0\ncJK+T+KnifuHcQKCAQEA6swL8LsVC48W+9BxNy6lrlxSoNhlPOEDkABGshVLjuVu\nugRdoZlvUb3JHocP8+ZV8Uqm+hxbOkqmqOVlk+VPfaKHzxTAPUrA/zeUIj9NXtIj\n3C/RNJ8c71VUi4gkBVj+riXaccBWv58J6gKOU7zED3vaS/xLLzSHl4MbN6LsXvGW\nhf49ypDfTFHDmMMMVD5hi9lBk1o45zNX8QFb9Vc/mdR67wRNe0ltjtVuz32+Kwrp\nMaIqiMqjovQmj8b7s0775Td8/dBiuT72SIIosELESVraYbJTU7aSxiaRSoDNcqWR\nu3EaKUwIGZZbpMjvsgPFWqTjscdVDAzmWpteW9bvkQKCAQBulAmrxDKLKnfWi5t6\nSg3NrpmQEIhzQzTQhOduFcYj8WQI0P1YMMpdTeELH8iV88yK3LoajIaz1TkTpDkJ\nggzapIP4k8dA2OWWMgYQwXKEDMuOk8e2iOQjB5lb6bl33gdi9RepCAUm5fKCpAYp\n+cvslOH7TQUZYu1q9RZdVaDdyCGb8K3NP6yk2TvNjSw6FPoZJQu4psz7Arvw0VeZ\nUTeSs33IxAPyGTgxD9o148xcvFi8fKO6i5lOJCJcrOT/Q0JI7SlTcOCZAsBIQIGr\noWqu9H/NMwbqqv/pSEMjJA4ALA9ScWsWvdV0MjH6bZ2uxAy5VWer/h32kdBICvbw\nTZ1hAoIBAAiJmNmNA+virRRE9QjrokyfwMVmeO/owqdmyytIiPHON+N9qyXoHVsc\nioaYpKTauD9I1p97jnmlI0A67yGckfJgiY2nFIJmCHR/Qdyo7phHDdTAzFuceYHe\nWW+laKHlJYWRjMrcEotvLf4bT6+NypdBiqN+rgEuaMvCkafJPc0J/c4re3W1JNly\nk6knVnhtuEBMiwzfl/gYLtdtlDlsjbx7NGkif+q+tcQe0KOsz9Bi2i3a1q8YpzCS\nriBGPPq9IX2pMdtMy3ou5uemC/K0ysxcCFrLECqYFegsmNXbrxy/Fnh5WVktEZJU\nnEp2n/iaGH/+ROU++UGx6mJbCehO/XECggEBAIx3cTPpbZlwEacbJRck5Mu1adzH\narWQNaEZMfrRQNIZqYcWVte9xLNYoKflz2Xra8R0e2YR1UT234rdbtZeHrqTKoyP\nGDIJMnMu/10+zh6oGjWclfJYXOgnuioWiZj5gLzL4iQzvr+wzLlfc4csxModc25l\nVXZrSbc3ukl8nrrTXCROWP/qTiQLbvVKYwRGPwQTpC5HUkdzb7DwTdAyQ4v688w5\ntzhCAPAgQeJLofTavEbgfZm2VPkkNx1iZnXMFE1uKxc4TTItdFnZStIatzNKg2MR\ntpUxVX/9PYs5ANPuAIzh8HhYu4+XDwTP21CHEImnis4CuQaU4q/+j8RceFY=\n-----END RSA PRIVATE KEY-----\n",
            "content_base64": null,
            "content_base64sha256": "GnvNOGqBCK2ntZt1GKKAmrVggocwVq6iqfl+erh9VZE=",
            "content_base64sha512": "KBHvmnzHbKRUcrvSbhBCToohU+zIlnhEk4NDcl3WvbXnHVa1shfvB1ZOcQsqL0vCTIXjlV7nci99ovfInB13PQ==",
            "content_md5": "dbc780891f917dcfd3c453ec2baf4eb7",
            "content_sha1": "04146b687d2984447438d9b126949f86d61ec90b",
            "content_sha256": "1a7bcd386a8108ada7b59b7518a2809ab56082873056aea2a9f97e7ab87d5591",
            "content_sha512": "2811ef9a7cc76ca45472bbd26e10424e8a2153ecc8967844938343725dd6bdb5e71d56b5b217ef07564e710b2a2f4bc24c85e3955ee7722f7da2f7c89c1d773d",
            "directory_permission": "0777",
            "file_permission": "0400",
            "filename": "./terraform-key.pem",
            "id": "04146b687d2984447438d9b126949f86d61ec90b",
            "sensitive_content": null,
            "source": null
          },
          "sensitive_attributes": [
            [
              {
                "type": "get_attr",
                "value": "sensitive_content"
              }
            ],
            [
              {
                "type": "get_attr",
                "value": "content"
              }
            ]
          ],
          "dependencies": [
            "tls_private_key.example"
          ]
        }
      ]
    },
    {
      "mode": "managed",
      "type": "tls_private_key",
      "name": "example",
      "provider": "provider[\"registry.terraform.io/hashicorp/tls\"]",
      "instances": [
        {
          "schema_version": 1,
          "attributes": {
            "algorithm": "RSA",
            "ecdsa_curve": "P224",
            "id": "bccc7a6eb03e5fa4bd934ecf30ae94ad3a940ee9",
            "private_key_openssh": "-----BEGIN OPENSSH PRIVATE KEY-----\nb3BlbnNzaC1rZXktdjEAAAAABG5vbmUAAAAEbm9uZQAAAAAAAAABAAACFwAAAAdz\nc2gtcnNhAAAAAwEAAQAAAgEA5xg9Zq3rukbTRzsmwQ/9TF0hdYMD/9kMxpcC4NFK\nD0x5jBhjD7fr+fqH05Wtqzr9q9Tcr2oMHygoi55kV+YlzupUiy5hFaLnu6AxFIbo\nvoFzybKkPYu6hbLUT3oP1mM2Vk8CZvPXyeAs3CS3Uf4UeO2k3IfkxYjhbk09w376\nzNhz5nRtfU3m78cAt08QfdGsHJv+kDcSTVqfIRHMsoJmJisj4YHDV4xc82TpFHkY\n9ixr7zA3EqUNHfIoEOvdxSA9Xb91ChwmJiOcZRmqSYkHhmJfOdApGlea3xJIJSar\naA+xx1Q2P7FHfuKhR2JnTYvPcTYY7EChKBpipguW2IAHt8bS7ugYbLCm2h4eKlFI\nVzVLKwb9JJSCPigkjz0r9n7Ug47Mgh/iu2nBhRvcb1N1LKBzEtUpltfo+3GgXUiP\nhbs6AozhxAIoLjc+xabFSz+3ZuV7oHPt4Qn+L/X6fP7qFFWcl3HU2bHZqPheEizO\nhXjOuUXgTSoRs2PnrBrVSBdYis/k3I83crP6O+0FDmLYdumWmB3qG2wQxBMR5vdg\ngI+28U6lFAZcukmiWkoDgT3vW9s6iPwf535Hf6r2uJMRi2zDY4vQv2i862UXb7we\naGe/yv406RSKx3mmD3w1AAZMud7hVBf59+H0/m/lWK/tIdfpmSNvtgycfwqynV5g\nNgEAAAc4vjRVpb40VaUAAAAHc3NoLXJzYQAAAgEA5xg9Zq3rukbTRzsmwQ/9TF0h\ndYMD/9kMxpcC4NFKD0x5jBhjD7fr+fqH05Wtqzr9q9Tcr2oMHygoi55kV+YlzupU\niy5hFaLnu6AxFIbovoFzybKkPYu6hbLUT3oP1mM2Vk8CZvPXyeAs3CS3Uf4UeO2k\n3IfkxYjhbk09w376zNhz5nRtfU3m78cAt08QfdGsHJv+kDcSTVqfIRHMsoJmJisj\n4YHDV4xc82TpFHkY9ixr7zA3EqUNHfIoEOvdxSA9Xb91ChwmJiOcZRmqSYkHhmJf\nOdApGlea3xJIJSaraA+xx1Q2P7FHfuKhR2JnTYvPcTYY7EChKBpipguW2IAHt8bS\n7ugYbLCm2h4eKlFIVzVLKwb9JJSCPigkjz0r9n7Ug47Mgh/iu2nBhRvcb1N1LKBz\nEtUpltfo+3GgXUiPhbs6AozhxAIoLjc+xabFSz+3ZuV7oHPt4Qn+L/X6fP7qFFWc\nl3HU2bHZqPheEizOhXjOuUXgTSoRs2PnrBrVSBdYis/k3I83crP6O+0FDmLYdumW\nmB3qG2wQxBMR5vdggI+28U6lFAZcukmiWkoDgT3vW9s6iPwf535Hf6r2uJMRi2zD\nY4vQv2i862UXb7weaGe/yv406RSKx3mmD3w1AAZMud7hVBf59+H0/m/lWK/tIdfp\nmSNvtgycfwqynV5gNgEAAAADAQABAAACAAzrYSBkzANQmxZ1/z1HH3A12y1ihxZW\nPDV8gwnOTYuEKR3szZn2/HNv3wjUSv6iCEVDW9iXL0kNIdInZ2D2Igo6tcIHtGAF\nKNsnkiLdhXTEEDT4HqA9t+5qUF4GmwzPZF3oIiBfFMLpnFxs1Y5ZC+w0TfWRx9eG\nxuKXoSK1LkCGP9mEDAx3rtfcGmVFH20HTC3Xx0ApAgYO0UtkHztiGKOc4Q9GBcWW\n2Gn3i+PL/tohYuHfAk8xqMVyMKz8gLwY6LFdZyXK69ORRViuGgPtLB1mUcBNy8R4\nHhWHRD8Gdcn2KahVBAjkyHRWp3FSFigizzS7M2K+3LudGQODLZpaMwQnHAXwdDiO\n8dEh4A4VpjdlhFdvt6O4Au0U68+MyzMuOmBVP9+mJS+nbCFOyvXUaimpnB39Uw4d\nEOTqSIDM2fSKe/QSv5jQBS4Q4r4IaKMQLr1Moy8ZIBTcdUIYDDrvzTL36VN2NKNG\nTQRl8pJNWBoo8fXddeD+yMLvSgHmTKANXS3ezCFA3QTuXbGdBZqp7cpWJ4Ovtiq8\nUtcIfjwKCrUawd5wYXjVIICQr+JvR734LI6+2FQnVChiXr2hQrrcxd2CKoxJby6a\n/0Rt3N2EE1GsPJmyXFnAGlNbM9tqgSgRLl46xgMZhO2krq9KMUevh7fHKVr9vvaH\nILnVK8+FivghAAABAQCMd3Ez6W2ZcBGnGyUXJOTLtWncx2q1kDWhGTH60UDSGamH\nFlbXvcSzWKCn5c9l62vEdHtmEdVE9t+K3W7WXh66kyqMjxgyCTJzLv9dPs4eqBo1\nnJXyWFzoJ7oqFomY+YC8y+IkM76/sMy5X3OHLMTKHXNuZVV2a0m3N7pJfJ6601wk\nTlj/6k4kC271SmMERj8EE6QuR1JHc2+w8E3QMkOL+vPMObc4QgDwIEHiS6H02rxG\n4H2ZtlT5JDcdYmZ1zBRNbisXOE0yLXRZ2UrSGrczSoNjEbaVMVV//T2LOQDT7gCM\n4fB4WLuPlw8Ez9tQhxCJp4rOArkGlOKv/o/EXHhWAAABAQD79ppoDBb+Wn4mFvtM\nrwXasS/kLW70FoBhWkUPVm1ZxIIKQzyfskRN5oeMOlmXZzdVDEYPMKl4o3WVxguM\n9ckJLgoe77XYcmmf58HKoKHTqzD3N9PNYOqDXvkkZTr0Q7WZeA6my4YEHzNKaf7z\nIRwFxljCPQ/YxCjIG8ggJiZf0LbkDfjBFe4h1tBMslA0s9R6G+uLLMjituGAoCTW\nMSzOGD/oqSdpu2oP/GXNms1TFbZ8+iUyiCSLLuANzqJZVDtHpSmSQcs331QRBmhj\nSY7AbKXaCYrh/H+Q/iuSertp6waOKuELho++2CBwgBlRGaWnMM1eKrRwkr5P4qeJ\n+4dxAAABAQDqzAvwuxULjxb70HE3LqWuXFKg2GU84QOQAEayFUuO5W66BF2hmW9R\nvckehw/z5lXxSqb6HFs6Sqao5WWT5U99oofPFMA9SsD/N5QiP01e0iPcL9E0nxzv\nVVSLiCQFWP6uJdpxwFa/nwnqAo5TvMQPe9pL/EsvNIeXgxs3ouxe8ZaF/j3KkN9M\nUcOYwwxUPmGL2UGTWjjnM1fxAVv1Vz+Z1HrvBE17SW2O1W7Pfb4rCukxoiqIyqOi\n9CaPxvuzTvvlN3z90GK5PvZIgiiwQsRJWtphslNTtpLGJpFKgM1ypZG7cRopTAgZ\nllukyO+yA8VapOOxx1UMDOZam15b1u+RAAAAAAEC\n-----END OPENSSH PRIVATE KEY-----\n",
            "private_key_pem": "-----BEGIN RSA PRIVATE KEY-----\nMIIJKAIBAAKCAgEA5xg9Zq3rukbTRzsmwQ/9TF0hdYMD/9kMxpcC4NFKD0x5jBhj\nD7fr+fqH05Wtqzr9q9Tcr2oMHygoi55kV+YlzupUiy5hFaLnu6AxFIbovoFzybKk\nPYu6hbLUT3oP1mM2Vk8CZvPXyeAs3CS3Uf4UeO2k3IfkxYjhbk09w376zNhz5nRt\nfU3m78cAt08QfdGsHJv+kDcSTVqfIRHMsoJmJisj4YHDV4xc82TpFHkY9ixr7zA3\nEqUNHfIoEOvdxSA9Xb91ChwmJiOcZRmqSYkHhmJfOdApGlea3xJIJSaraA+xx1Q2\nP7FHfuKhR2JnTYvPcTYY7EChKBpipguW2IAHt8bS7ugYbLCm2h4eKlFIVzVLKwb9\nJJSCPigkjz0r9n7Ug47Mgh/iu2nBhRvcb1N1LKBzEtUpltfo+3GgXUiPhbs6Aozh\nxAIoLjc+xabFSz+3ZuV7oHPt4Qn+L/X6fP7qFFWcl3HU2bHZqPheEizOhXjOuUXg\nTSoRs2PnrBrVSBdYis/k3I83crP6O+0FDmLYdumWmB3qG2wQxBMR5vdggI+28U6l\nFAZcukmiWkoDgT3vW9s6iPwf535Hf6r2uJMRi2zDY4vQv2i862UXb7weaGe/yv40\n6RSKx3mmD3w1AAZMud7hVBf59+H0/m/lWK/tIdfpmSNvtgycfwqynV5gNgECAwEA\nAQKCAgAM62EgZMwDUJsWdf89Rx9wNdstYocWVjw1fIMJzk2LhCkd7M2Z9vxzb98I\n1Er+oghFQ1vYly9JDSHSJ2dg9iIKOrXCB7RgBSjbJ5Ii3YV0xBA0+B6gPbfualBe\nBpsMz2Rd6CIgXxTC6ZxcbNWOWQvsNE31kcfXhsbil6EitS5Ahj/ZhAwMd67X3Bpl\nRR9tB0wt18dAKQIGDtFLZB87YhijnOEPRgXFlthp94vjy/7aIWLh3wJPMajFcjCs\n/IC8GOixXWclyuvTkUVYrhoD7SwdZlHATcvEeB4Vh0Q/BnXJ9imoVQQI5Mh0Vqdx\nUhYoIs80uzNivty7nRkDgy2aWjMEJxwF8HQ4jvHRIeAOFaY3ZYRXb7ejuALtFOvP\njMszLjpgVT/fpiUvp2whTsr11GopqZwd/VMOHRDk6kiAzNn0inv0Er+Y0AUuEOK+\nCGijEC69TKMvGSAU3HVCGAw6780y9+lTdjSjRk0EZfKSTVgaKPH13XXg/sjC70oB\n5kygDV0t3swhQN0E7l2xnQWaqe3KVieDr7YqvFLXCH48Cgq1GsHecGF41SCAkK/i\nb0e9+CyOvthUJ1QoYl69oUK63MXdgiqMSW8umv9EbdzdhBNRrDyZslxZwBpTWzPb\naoEoES5eOsYDGYTtpK6vSjFHr4e3xyla/b72hyC51SvPhYr4IQKCAQEA+/aaaAwW\n/lp+Jhb7TK8F2rEv5C1u9BaAYVpFD1ZtWcSCCkM8n7JETeaHjDpZl2c3VQxGDzCp\neKN1lcYLjPXJCS4KHu+12HJpn+fByqCh06sw9zfTzWDqg175JGU69EO1mXgOpsuG\nBB8zSmn+8yEcBcZYwj0P2MQoyBvIICYmX9C25A34wRXuIdbQTLJQNLPUehvriyzI\n4rbhgKAk1jEszhg/6KknabtqD/xlzZrNUxW2fPolMogkiy7gDc6iWVQ7R6UpkkHL\nN99UEQZoY0mOwGyl2gmK4fx/kP4rknq7aesGjirhC4aPvtggcIAZURmlpzDNXiq0\ncJK+T+KnifuHcQKCAQEA6swL8LsVC48W+9BxNy6lrlxSoNhlPOEDkABGshVLjuVu\nugRdoZlvUb3JHocP8+ZV8Uqm+hxbOkqmqOVlk+VPfaKHzxTAPUrA/zeUIj9NXtIj\n3C/RNJ8c71VUi4gkBVj+riXaccBWv58J6gKOU7zED3vaS/xLLzSHl4MbN6LsXvGW\nhf49ypDfTFHDmMMMVD5hi9lBk1o45zNX8QFb9Vc/mdR67wRNe0ltjtVuz32+Kwrp\nMaIqiMqjovQmj8b7s0775Td8/dBiuT72SIIosELESVraYbJTU7aSxiaRSoDNcqWR\nu3EaKUwIGZZbpMjvsgPFWqTjscdVDAzmWpteW9bvkQKCAQBulAmrxDKLKnfWi5t6\nSg3NrpmQEIhzQzTQhOduFcYj8WQI0P1YMMpdTeELH8iV88yK3LoajIaz1TkTpDkJ\nggzapIP4k8dA2OWWMgYQwXKEDMuOk8e2iOQjB5lb6bl33gdi9RepCAUm5fKCpAYp\n+cvslOH7TQUZYu1q9RZdVaDdyCGb8K3NP6yk2TvNjSw6FPoZJQu4psz7Arvw0VeZ\nUTeSs33IxAPyGTgxD9o148xcvFi8fKO6i5lOJCJcrOT/Q0JI7SlTcOCZAsBIQIGr\noWqu9H/NMwbqqv/pSEMjJA4ALA9ScWsWvdV0MjH6bZ2uxAy5VWer/h32kdBICvbw\nTZ1hAoIBAAiJmNmNA+virRRE9QjrokyfwMVmeO/owqdmyytIiPHON+N9qyXoHVsc\nioaYpKTauD9I1p97jnmlI0A67yGckfJgiY2nFIJmCHR/Qdyo7phHDdTAzFuceYHe\nWW+laKHlJYWRjMrcEotvLf4bT6+NypdBiqN+rgEuaMvCkafJPc0J/c4re3W1JNly\nk6knVnhtuEBMiwzfl/gYLtdtlDlsjbx7NGkif+q+tcQe0KOsz9Bi2i3a1q8YpzCS\nriBGPPq9IX2pMdtMy3ou5uemC/K0ysxcCFrLECqYFegsmNXbrxy/Fnh5WVktEZJU\nnEp2n/iaGH/+ROU++UGx6mJbCehO/XECggEBAIx3cTPpbZlwEacbJRck5Mu1adzH\narWQNaEZMfrRQNIZqYcWVte9xLNYoKflz2Xra8R0e2YR1UT234rdbtZeHrqTKoyP\nGDIJMnMu/10+zh6oGjWclfJYXOgnuioWiZj5gLzL4iQzvr+wzLlfc4csxModc25l\nVXZrSbc3ukl8nrrTXCROWP/qTiQLbvVKYwRGPwQTpC5HUkdzb7DwTdAyQ4v688w5\ntzhCAPAgQeJLofTavEbgfZm2VPkkNx1iZnXMFE1uKxc4TTItdFnZStIatzNKg2MR\ntpUxVX/9PYs5ANPuAIzh8HhYu4+XDwTP21CHEImnis4CuQaU4q/+j8RceFY=\n-----END RSA PRIVATE KEY-----\n",
            "private_key_pem_pkcs8": "-----BEGIN PRIVATE KEY-----\nMIIJQgIBADANBgkqhkiG9w0BAQEFAASCCSwwggkoAgEAAoICAQDnGD1mreu6RtNH\nOybBD/1MXSF1gwP/2QzGlwLg0UoPTHmMGGMPt+v5+ofTla2rOv2r1NyvagwfKCiL\nnmRX5iXO6lSLLmEVoue7oDEUhui+gXPJsqQ9i7qFstRPeg/WYzZWTwJm89fJ4Czc\nJLdR/hR47aTch+TFiOFuTT3DfvrM2HPmdG19TebvxwC3TxB90awcm/6QNxJNWp8h\nEcyygmYmKyPhgcNXjFzzZOkUeRj2LGvvMDcSpQ0d8igQ693FID1dv3UKHCYmI5xl\nGapJiQeGYl850CkaV5rfEkglJqtoD7HHVDY/sUd+4qFHYmdNi89xNhjsQKEoGmKm\nC5bYgAe3xtLu6BhssKbaHh4qUUhXNUsrBv0klII+KCSPPSv2ftSDjsyCH+K7acGF\nG9xvU3UsoHMS1SmW1+j7caBdSI+FuzoCjOHEAiguNz7FpsVLP7dm5Xugc+3hCf4v\n9fp8/uoUVZyXcdTZsdmo+F4SLM6FeM65ReBNKhGzY+esGtVIF1iKz+Tcjzdys/o7\n7QUOYth26ZaYHeobbBDEExHm92CAj7bxTqUUBly6SaJaSgOBPe9b2zqI/B/nfkd/\nqva4kxGLbMNji9C/aLzrZRdvvB5oZ7/K/jTpFIrHeaYPfDUABky53uFUF/n34fT+\nb+VYr+0h1+mZI2+2DJx/CrKdXmA2AQIDAQABAoICAAzrYSBkzANQmxZ1/z1HH3A1\n2y1ihxZWPDV8gwnOTYuEKR3szZn2/HNv3wjUSv6iCEVDW9iXL0kNIdInZ2D2Igo6\ntcIHtGAFKNsnkiLdhXTEEDT4HqA9t+5qUF4GmwzPZF3oIiBfFMLpnFxs1Y5ZC+w0\nTfWRx9eGxuKXoSK1LkCGP9mEDAx3rtfcGmVFH20HTC3Xx0ApAgYO0UtkHztiGKOc\n4Q9GBcWW2Gn3i+PL/tohYuHfAk8xqMVyMKz8gLwY6LFdZyXK69ORRViuGgPtLB1m\nUcBNy8R4HhWHRD8Gdcn2KahVBAjkyHRWp3FSFigizzS7M2K+3LudGQODLZpaMwQn\nHAXwdDiO8dEh4A4VpjdlhFdvt6O4Au0U68+MyzMuOmBVP9+mJS+nbCFOyvXUaimp\nnB39Uw4dEOTqSIDM2fSKe/QSv5jQBS4Q4r4IaKMQLr1Moy8ZIBTcdUIYDDrvzTL3\n6VN2NKNGTQRl8pJNWBoo8fXddeD+yMLvSgHmTKANXS3ezCFA3QTuXbGdBZqp7cpW\nJ4Ovtiq8UtcIfjwKCrUawd5wYXjVIICQr+JvR734LI6+2FQnVChiXr2hQrrcxd2C\nKoxJby6a/0Rt3N2EE1GsPJmyXFnAGlNbM9tqgSgRLl46xgMZhO2krq9KMUevh7fH\nKVr9vvaHILnVK8+FivghAoIBAQD79ppoDBb+Wn4mFvtMrwXasS/kLW70FoBhWkUP\nVm1ZxIIKQzyfskRN5oeMOlmXZzdVDEYPMKl4o3WVxguM9ckJLgoe77XYcmmf58HK\noKHTqzD3N9PNYOqDXvkkZTr0Q7WZeA6my4YEHzNKaf7zIRwFxljCPQ/YxCjIG8gg\nJiZf0LbkDfjBFe4h1tBMslA0s9R6G+uLLMjituGAoCTWMSzOGD/oqSdpu2oP/GXN\nms1TFbZ8+iUyiCSLLuANzqJZVDtHpSmSQcs331QRBmhjSY7AbKXaCYrh/H+Q/iuS\nertp6waOKuELho++2CBwgBlRGaWnMM1eKrRwkr5P4qeJ+4dxAoIBAQDqzAvwuxUL\njxb70HE3LqWuXFKg2GU84QOQAEayFUuO5W66BF2hmW9Rvckehw/z5lXxSqb6HFs6\nSqao5WWT5U99oofPFMA9SsD/N5QiP01e0iPcL9E0nxzvVVSLiCQFWP6uJdpxwFa/\nnwnqAo5TvMQPe9pL/EsvNIeXgxs3ouxe8ZaF/j3KkN9MUcOYwwxUPmGL2UGTWjjn\nM1fxAVv1Vz+Z1HrvBE17SW2O1W7Pfb4rCukxoiqIyqOi9CaPxvuzTvvlN3z90GK5\nPvZIgiiwQsRJWtphslNTtpLGJpFKgM1ypZG7cRopTAgZllukyO+yA8VapOOxx1UM\nDOZam15b1u+RAoIBAG6UCavEMosqd9aLm3pKDc2umZAQiHNDNNCE524VxiPxZAjQ\n/Vgwyl1N4QsfyJXzzIrcuhqMhrPVOROkOQmCDNqkg/iTx0DY5ZYyBhDBcoQMy46T\nx7aI5CMHmVvpuXfeB2L1F6kIBSbl8oKkBin5y+yU4ftNBRli7Wr1Fl1VoN3IIZvw\nrc0/rKTZO82NLDoU+hklC7imzPsCu/DRV5lRN5KzfcjEA/IZODEP2jXjzFy8WLx8\no7qLmU4kIlys5P9DQkjtKVNw4JkCwEhAgauhaq70f80zBuqq/+lIQyMkDgAsD1Jx\naxa91XQyMfptna7EDLlVZ6v+HfaR0EgK9vBNnWECggEACImY2Y0D6+KtFET1COui\nTJ/AxWZ47+jCp2bLK0iI8c43432rJegdWxyKhpikpNq4P0jWn3uOeaUjQDrvIZyR\n8mCJjacUgmYIdH9B3KjumEcN1MDMW5x5gd5Zb6VooeUlhZGMytwSi28t/htPr43K\nl0GKo36uAS5oy8KRp8k9zQn9zit7dbUk2XKTqSdWeG24QEyLDN+X+Bgu122UOWyN\nvHs0aSJ/6r61xB7Qo6zP0GLaLdrWrxinMJKuIEY8+r0hfakx20zLei7m56YL8rTK\nzFwIWssQKpgV6CyY1duvHL8WeHlZWS0RklScSnaf+JoYf/5E5T75QbHqYlsJ6E79\ncQKCAQEAjHdxM+ltmXARpxslFyTky7Vp3MdqtZA1oRkx+tFA0hmphxZW173Es1ig\np+XPZetrxHR7ZhHVRPbfit1u1l4eupMqjI8YMgkycy7/XT7OHqgaNZyV8lhc6Ce6\nKhaJmPmAvMviJDO+v7DMuV9zhyzEyh1zbmVVdmtJtze6SXyeutNcJE5Y/+pOJAtu\n9UpjBEY/BBOkLkdSR3NvsPBN0DJDi/rzzDm3OEIA8CBB4kuh9Nq8RuB9mbZU+SQ3\nHWJmdcwUTW4rFzhNMi10WdlK0hq3M0qDYxG2lTFVf/09izkA0+4AjOHweFi7j5cP\nBM/bUIcQiaeKzgK5BpTir/6PxFx4Vg==\n-----END PRIVATE KEY-----\n",
            "public_key_fingerprint_md5": "98:2c:0f:b3:0f:27:59:e5:45:12:80:d5:59:33:21:e4",
            "public_key_fingerprint_sha256": "SHA256:LRYh5rcI2rerc1NDPmkUmKYrFfabAVLwF6OynvUgotQ",
            "public_key_openssh": "ssh-rsa AAAAB3NzaC1yc2EAAAADAQABAAACAQDnGD1mreu6RtNHOybBD/1MXSF1gwP/2QzGlwLg0UoPTHmMGGMPt+v5+ofTla2rOv2r1NyvagwfKCiLnmRX5iXO6lSLLmEVoue7oDEUhui+gXPJsqQ9i7qFstRPeg/WYzZWTwJm89fJ4CzcJLdR/hR47aTch+TFiOFuTT3DfvrM2HPmdG19TebvxwC3TxB90awcm/6QNxJNWp8hEcyygmYmKyPhgcNXjFzzZOkUeRj2LGvvMDcSpQ0d8igQ693FID1dv3UKHCYmI5xlGapJiQeGYl850CkaV5rfEkglJqtoD7HHVDY/sUd+4qFHYmdNi89xNhjsQKEoGmKmC5bYgAe3xtLu6BhssKbaHh4qUUhXNUsrBv0klII+KCSPPSv2ftSDjsyCH+K7acGFG9xvU3UsoHMS1SmW1+j7caBdSI+FuzoCjOHEAiguNz7FpsVLP7dm5Xugc+3hCf4v9fp8/uoUVZyXcdTZsdmo+F4SLM6FeM65ReBNKhGzY+esGtVIF1iKz+Tcjzdys/o77QUOYth26ZaYHeobbBDEExHm92CAj7bxTqUUBly6SaJaSgOBPe9b2zqI/B/nfkd/qva4kxGLbMNji9C/aLzrZRdvvB5oZ7/K/jTpFIrHeaYPfDUABky53uFUF/n34fT+b+VYr+0h1+mZI2+2DJx/CrKdXmA2AQ==\n",
            "public_key_pem": "-----BEGIN PUBLIC KEY-----\nMIICIjANBgkqhkiG9w0BAQEFAAOCAg8AMIICCgKCAgEA5xg9Zq3rukbTRzsmwQ/9\nTF0hdYMD/9kMxpcC4NFKD0x5jBhjD7fr+fqH05Wtqzr9q9Tcr2oMHygoi55kV+Yl\nzupUiy5hFaLnu6AxFIbovoFzybKkPYu6hbLUT3oP1mM2Vk8CZvPXyeAs3CS3Uf4U\neO2k3IfkxYjhbk09w376zNhz5nRtfU3m78cAt08QfdGsHJv+kDcSTVqfIRHMsoJm\nJisj4YHDV4xc82TpFHkY9ixr7zA3EqUNHfIoEOvdxSA9Xb91ChwmJiOcZRmqSYkH\nhmJfOdApGlea3xJIJSaraA+xx1Q2P7FHfuKhR2JnTYvPcTYY7EChKBpipguW2IAH\nt8bS7ugYbLCm2h4eKlFIVzVLKwb9JJSCPigkjz0r9n7Ug47Mgh/iu2nBhRvcb1N1\nLKBzEtUpltfo+3GgXUiPhbs6AozhxAIoLjc+xabFSz+3ZuV7oHPt4Qn+L/X6fP7q\nFFWcl3HU2bHZqPheEizOhXjOuUXgTSoRs2PnrBrVSBdYis/k3I83crP6O+0FDmLY\ndumWmB3qG2wQxBMR5vdggI+28U6lFAZcukmiWkoDgT3vW9s6iPwf535Hf6r2uJMR\ni2zDY4vQv2i862UXb7weaGe/yv406RSKx3mmD3w1AAZMud7hVBf59+H0/m/lWK/t\nIdfpmSNvtgycfwqynV5gNgECAwEAAQ==\n-----END PUBLIC KEY-----\n",
            "rsa_bits": 4096
          },
          "sensitive_attributes": [
            [
              {
                "type": "get_attr",
                "value": "private_key_pem_pkcs8"
              }
            ],
            [
              {
                "type": "get_attr",
                "value": "private_key_pem"
              }
            ],
            [
              {
                "type": "get_attr",
                "value": "private_key_openssh"
              }
            ]
          ]
        }
      ]
    }
  ],
  "check_results": null
}
